// !$*UTF8*$!
{
	archiveVersion = 1;
	classes = {
	};
	objectVersion = 46;
	objects = {

/* Begin PBXBuildFile section */
		3FB188D41514DA8200A84E30 /* Foundation.framework in Frameworks */ = {isa = PBXBuildFile; fileRef = 3FB188D31514DA8200A84E30 /* Foundation.framework */; };
		3FB189091514DB0900A84E30 /* NSDataAdditions.h in Headers */ = {isa = PBXBuildFile; fileRef = 3FB188E11514DB0900A84E30 /* NSDataAdditions.h */; };
		3FB1890A1514DB0900A84E30 /* NSDataAdditions.m in Sources */ = {isa = PBXBuildFile; fileRef = 3FB188E21514DB0900A84E30 /* NSDataAdditions.m */; };
		3FB1890B1514DB0900A84E30 /* NSObjectAdditions.h in Headers */ = {isa = PBXBuildFile; fileRef = 3FB188E31514DB0900A84E30 /* NSObjectAdditions.h */; };
		3FB1890C1514DB0900A84E30 /* NSObjectAdditions.m in Sources */ = {isa = PBXBuildFile; fileRef = 3FB188E41514DB0900A84E30 /* NSObjectAdditions.m */; };
		3FB1890D1514DB0900A84E30 /* NSStringAdditions.h in Headers */ = {isa = PBXBuildFile; fileRef = 3FB188E51514DB0900A84E30 /* NSStringAdditions.h */; };
		3FB1890E1514DB0900A84E30 /* NSStringAdditions.m in Sources */ = {isa = PBXBuildFile; fileRef = 3FB188E61514DB0900A84E30 /* NSStringAdditions.m */; };
		3FB1890F1514DB0900A84E30 /* TTRequestLoader-Debug.h in Headers */ = {isa = PBXBuildFile; fileRef = 3FB188E71514DB0900A84E30 /* TTRequestLoader-Debug.h */; };
		3FB189101514DB0900A84E30 /* TTRequestLoader-Debug.m in Sources */ = {isa = PBXBuildFile; fileRef = 3FB188E81514DB0900A84E30 /* TTRequestLoader-Debug.m */; };
		3FB189111514DB0900A84E30 /* TTURLRequestQueue-Debug.h in Headers */ = {isa = PBXBuildFile; fileRef = 3FB188E91514DB0900A84E30 /* TTURLRequestQueue-Debug.h */; };
		3FB189121514DB0900A84E30 /* TTURLRequestQueue-Debug.m in Sources */ = {isa = PBXBuildFile; fileRef = 3FB188EA1514DB0900A84E30 /* TTURLRequestQueue-Debug.m */; };
		3FB189131514DB0900A84E30 /* Only320Network.h in Headers */ = {isa = PBXBuildFile; fileRef = 3FB188EB1514DB0900A84E30 /* Only320Network.h */; };
		3FB189141514DB0900A84E30 /* Only320Network.m in Sources */ = {isa = PBXBuildFile; fileRef = 3FB188EC1514DB0900A84E30 /* Only320Network.m */; };
		3FB189151514DB0900A84E30 /* TTCorePreprocessorMacros.h in Headers */ = {isa = PBXBuildFile; fileRef = 3FB188ED1514DB0900A84E30 /* TTCorePreprocessorMacros.h */; };
		3FB189161514DB0900A84E30 /* TTDebug.h in Headers */ = {isa = PBXBuildFile; fileRef = 3FB188EE1514DB0900A84E30 /* TTDebug.h */; };
		3FB189171514DB0900A84E30 /* TTDebug.m in Sources */ = {isa = PBXBuildFile; fileRef = 3FB188EF1514DB0900A84E30 /* TTDebug.m */; };
		3FB189181514DB0900A84E30 /* TTDebugFlags.h in Headers */ = {isa = PBXBuildFile; fileRef = 3FB188F01514DB0900A84E30 /* TTDebugFlags.h */; };
		3FB189191514DB0900A84E30 /* TTErrorCodes.h in Headers */ = {isa = PBXBuildFile; fileRef = 3FB188F11514DB0900A84E30 /* TTErrorCodes.h */; };
		3FB1891A1514DB0900A84E30 /* TTErrorCodes.m in Sources */ = {isa = PBXBuildFile; fileRef = 3FB188F21514DB0900A84E30 /* TTErrorCodes.m */; };
		3FB1891B1514DB0900A84E30 /* TTGlobalCore.h in Headers */ = {isa = PBXBuildFile; fileRef = 3FB188F31514DB0900A84E30 /* TTGlobalCore.h */; };
		3FB1891C1514DB0900A84E30 /* TTGlobalCore.m in Sources */ = {isa = PBXBuildFile; fileRef = 3FB188F41514DB0900A84E30 /* TTGlobalCore.m */; };
		3FB1891D1514DB0900A84E30 /* TTGlobalCorePaths.h in Headers */ = {isa = PBXBuildFile; fileRef = 3FB188F51514DB0900A84E30 /* TTGlobalCorePaths.h */; };
		3FB1891E1514DB0900A84E30 /* TTGlobalCorePaths.m in Sources */ = {isa = PBXBuildFile; fileRef = 3FB188F61514DB0900A84E30 /* TTGlobalCorePaths.m */; };
		3FB1891F1514DB0900A84E30 /* TTRequestLoader.h in Headers */ = {isa = PBXBuildFile; fileRef = 3FB188F71514DB0900A84E30 /* TTRequestLoader.h */; };
		3FB189201514DB0900A84E30 /* TTRequestLoader.m in Sources */ = {isa = PBXBuildFile; fileRef = 3FB188F81514DB0900A84E30 /* TTRequestLoader.m */; };
		3FB189211514DB0900A84E30 /* TTURLCache.h in Headers */ = {isa = PBXBuildFile; fileRef = 3FB188F91514DB0900A84E30 /* TTURLCache.h */; };
		3FB189221514DB0900A84E30 /* TTURLCache.m in Sources */ = {isa = PBXBuildFile; fileRef = 3FB188FA1514DB0900A84E30 /* TTURLCache.m */; };
		3FB189231514DB0900A84E30 /* TTURLDataResponse.h in Headers */ = {isa = PBXBuildFile; fileRef = 3FB188FB1514DB0900A84E30 /* TTURLDataResponse.h */; };
		3FB189241514DB0900A84E30 /* TTURLDataResponse.m in Sources */ = {isa = PBXBuildFile; fileRef = 3FB188FC1514DB0900A84E30 /* TTURLDataResponse.m */; };
		3FB189251514DB0900A84E30 /* TTURLImageResponse.h in Headers */ = {isa = PBXBuildFile; fileRef = 3FB188FD1514DB0900A84E30 /* TTURLImageResponse.h */; };
		3FB189261514DB0900A84E30 /* TTURLImageResponse.m in Sources */ = {isa = PBXBuildFile; fileRef = 3FB188FE1514DB0900A84E30 /* TTURLImageResponse.m */; };
		3FB189271514DB0900A84E30 /* TTURLRequest.h in Headers */ = {isa = PBXBuildFile; fileRef = 3FB188FF1514DB0900A84E30 /* TTURLRequest.h */; };
		3FB189281514DB0900A84E30 /* TTURLRequest.m in Sources */ = {isa = PBXBuildFile; fileRef = 3FB189001514DB0900A84E30 /* TTURLRequest.m */; };
		3FB189291514DB0900A84E30 /* TTURLRequestCachePolicy.h in Headers */ = {isa = PBXBuildFile; fileRef = 3FB189011514DB0900A84E30 /* TTURLRequestCachePolicy.h */; };
		3FB1892A1514DB0900A84E30 /* TTURLRequestDelegate.h in Headers */ = {isa = PBXBuildFile; fileRef = 3FB189021514DB0900A84E30 /* TTURLRequestDelegate.h */; };
		3FB1892B1514DB0900A84E30 /* TTURLRequestQueue.h in Headers */ = {isa = PBXBuildFile; fileRef = 3FB189031514DB0900A84E30 /* TTURLRequestQueue.h */; };
		3FB1892C1514DB0900A84E30 /* TTURLRequestQueue.m in Sources */ = {isa = PBXBuildFile; fileRef = 3FB189041514DB0900A84E30 /* TTURLRequestQueue.m */; };
		3FB1892D1514DB0900A84E30 /* TTURLRequestQueueInternal.h in Headers */ = {isa = PBXBuildFile; fileRef = 3FB189051514DB0900A84E30 /* TTURLRequestQueueInternal.h */; };
		3FB1892E1514DB0900A84E30 /* TTURLResponse.h in Headers */ = {isa = PBXBuildFile; fileRef = 3FB189061514DB0900A84E30 /* TTURLResponse.h */; };
		3FB1892F1514DB0900A84E30 /* TTUserInfo.h in Headers */ = {isa = PBXBuildFile; fileRef = 3FB189071514DB0900A84E30 /* TTUserInfo.h */; };
		3FB189301514DB0900A84E30 /* TTUserInfo.m in Sources */ = {isa = PBXBuildFile; fileRef = 3FB189081514DB0900A84E30 /* TTUserInfo.m */; };
/* End PBXBuildFile section */

/* Begin PBXFileReference section */
		3FB188D01514DA8200A84E30 /* libOnly320Network.a */ = {isa = PBXFileReference; explicitFileType = archive.ar; includeInIndex = 0; path = libOnly320Network.a; sourceTree = BUILT_PRODUCTS_DIR; };
		3FB188D31514DA8200A84E30 /* Foundation.framework */ = {isa = PBXFileReference; lastKnownFileType = wrapper.framework; name = Foundation.framework; path = System/Library/Frameworks/Foundation.framework; sourceTree = SDKROOT; };
		3FB188D71514DA8200A84E30 /* Only320Network-Prefix.pch */ = {isa = PBXFileReference; lastKnownFileType = sourcecode.c.h; path = "Only320Network-Prefix.pch"; sourceTree = "<group>"; };
		3FB188E11514DB0900A84E30 /* NSDataAdditions.h */ = {isa = PBXFileReference; fileEncoding = 4; lastKnownFileType = sourcecode.c.h; path = NSDataAdditions.h; sourceTree = "<group>"; };
		3FB188E21514DB0900A84E30 /* NSDataAdditions.m */ = {isa = PBXFileReference; fileEncoding = 4; lastKnownFileType = sourcecode.c.objc; path = NSDataAdditions.m; sourceTree = "<group>"; };
		3FB188E31514DB0900A84E30 /* NSObjectAdditions.h */ = {isa = PBXFileReference; fileEncoding = 4; lastKnownFileType = sourcecode.c.h; path = NSObjectAdditions.h; sourceTree = "<group>"; };
		3FB188E41514DB0900A84E30 /* NSObjectAdditions.m */ = {isa = PBXFileReference; fileEncoding = 4; lastKnownFileType = sourcecode.c.objc; path = NSObjectAdditions.m; sourceTree = "<group>"; };
		3FB188E51514DB0900A84E30 /* NSStringAdditions.h */ = {isa = PBXFileReference; fileEncoding = 4; lastKnownFileType = sourcecode.c.h; path = NSStringAdditions.h; sourceTree = "<group>"; };
		3FB188E61514DB0900A84E30 /* NSStringAdditions.m */ = {isa = PBXFileReference; fileEncoding = 4; lastKnownFileType = sourcecode.c.objc; path = NSStringAdditions.m; sourceTree = "<group>"; };
		3FB188E71514DB0900A84E30 /* TTRequestLoader-Debug.h */ = {isa = PBXFileReference; fileEncoding = 4; lastKnownFileType = sourcecode.c.h; path = "TTRequestLoader-Debug.h"; sourceTree = "<group>"; };
		3FB188E81514DB0900A84E30 /* TTRequestLoader-Debug.m */ = {isa = PBXFileReference; fileEncoding = 4; lastKnownFileType = sourcecode.c.objc; path = "TTRequestLoader-Debug.m"; sourceTree = "<group>"; };
		3FB188E91514DB0900A84E30 /* TTURLRequestQueue-Debug.h */ = {isa = PBXFileReference; fileEncoding = 4; lastKnownFileType = sourcecode.c.h; path = "TTURLRequestQueue-Debug.h"; sourceTree = "<group>"; };
		3FB188EA1514DB0900A84E30 /* TTURLRequestQueue-Debug.m */ = {isa = PBXFileReference; fileEncoding = 4; lastKnownFileType = sourcecode.c.objc; path = "TTURLRequestQueue-Debug.m"; sourceTree = "<group>"; };
		3FB188EB1514DB0900A84E30 /* Only320Network.h */ = {isa = PBXFileReference; fileEncoding = 4; lastKnownFileType = sourcecode.c.h; path = Only320Network.h; sourceTree = "<group>"; };
		3FB188EC1514DB0900A84E30 /* Only320Network.m */ = {isa = PBXFileReference; fileEncoding = 4; lastKnownFileType = sourcecode.c.objc; path = Only320Network.m; sourceTree = "<group>"; };
		3FB188ED1514DB0900A84E30 /* TTCorePreprocessorMacros.h */ = {isa = PBXFileReference; fileEncoding = 4; lastKnownFileType = sourcecode.c.h; path = TTCorePreprocessorMacros.h; sourceTree = "<group>"; };
		3FB188EE1514DB0900A84E30 /* TTDebug.h */ = {isa = PBXFileReference; fileEncoding = 4; lastKnownFileType = sourcecode.c.h; path = TTDebug.h; sourceTree = "<group>"; };
		3FB188EF1514DB0900A84E30 /* TTDebug.m */ = {isa = PBXFileReference; fileEncoding = 4; lastKnownFileType = sourcecode.c.objc; path = TTDebug.m; sourceTree = "<group>"; };
		3FB188F01514DB0900A84E30 /* TTDebugFlags.h */ = {isa = PBXFileReference; fileEncoding = 4; lastKnownFileType = sourcecode.c.h; path = TTDebugFlags.h; sourceTree = "<group>"; };
		3FB188F11514DB0900A84E30 /* TTErrorCodes.h */ = {isa = PBXFileReference; fileEncoding = 4; lastKnownFileType = sourcecode.c.h; path = TTErrorCodes.h; sourceTree = "<group>"; };
		3FB188F21514DB0900A84E30 /* TTErrorCodes.m */ = {isa = PBXFileReference; fileEncoding = 4; lastKnownFileType = sourcecode.c.objc; path = TTErrorCodes.m; sourceTree = "<group>"; };
		3FB188F31514DB0900A84E30 /* TTGlobalCore.h */ = {isa = PBXFileReference; fileEncoding = 4; lastKnownFileType = sourcecode.c.h; path = TTGlobalCore.h; sourceTree = "<group>"; };
		3FB188F41514DB0900A84E30 /* TTGlobalCore.m */ = {isa = PBXFileReference; fileEncoding = 4; lastKnownFileType = sourcecode.c.objc; path = TTGlobalCore.m; sourceTree = "<group>"; };
		3FB188F51514DB0900A84E30 /* TTGlobalCorePaths.h */ = {isa = PBXFileReference; fileEncoding = 4; lastKnownFileType = sourcecode.c.h; path = TTGlobalCorePaths.h; sourceTree = "<group>"; };
		3FB188F61514DB0900A84E30 /* TTGlobalCorePaths.m */ = {isa = PBXFileReference; fileEncoding = 4; lastKnownFileType = sourcecode.c.objc; path = TTGlobalCorePaths.m; sourceTree = "<group>"; };
		3FB188F71514DB0900A84E30 /* TTRequestLoader.h */ = {isa = PBXFileReference; fileEncoding = 4; lastKnownFileType = sourcecode.c.h; path = TTRequestLoader.h; sourceTree = "<group>"; };
		3FB188F81514DB0900A84E30 /* TTRequestLoader.m */ = {isa = PBXFileReference; fileEncoding = 4; lastKnownFileType = sourcecode.c.objc; path = TTRequestLoader.m; sourceTree = "<group>"; };
		3FB188F91514DB0900A84E30 /* TTURLCache.h */ = {isa = PBXFileReference; fileEncoding = 4; lastKnownFileType = sourcecode.c.h; path = TTURLCache.h; sourceTree = "<group>"; };
		3FB188FA1514DB0900A84E30 /* TTURLCache.m */ = {isa = PBXFileReference; fileEncoding = 4; lastKnownFileType = sourcecode.c.objc; path = TTURLCache.m; sourceTree = "<group>"; };
		3FB188FB1514DB0900A84E30 /* TTURLDataResponse.h */ = {isa = PBXFileReference; fileEncoding = 4; lastKnownFileType = sourcecode.c.h; path = TTURLDataResponse.h; sourceTree = "<group>"; };
		3FB188FC1514DB0900A84E30 /* TTURLDataResponse.m */ = {isa = PBXFileReference; fileEncoding = 4; lastKnownFileType = sourcecode.c.objc; path = TTURLDataResponse.m; sourceTree = "<group>"; };
		3FB188FD1514DB0900A84E30 /* TTURLImageResponse.h */ = {isa = PBXFileReference; fileEncoding = 4; lastKnownFileType = sourcecode.c.h; path = TTURLImageResponse.h; sourceTree = "<group>"; };
		3FB188FE1514DB0900A84E30 /* TTURLImageResponse.m */ = {isa = PBXFileReference; fileEncoding = 4; lastKnownFileType = sourcecode.c.objc; path = TTURLImageResponse.m; sourceTree = "<group>"; };
		3FB188FF1514DB0900A84E30 /* TTURLRequest.h */ = {isa = PBXFileReference; fileEncoding = 4; lastKnownFileType = sourcecode.c.h; path = TTURLRequest.h; sourceTree = "<group>"; };
		3FB189001514DB0900A84E30 /* TTURLRequest.m */ = {isa = PBXFileReference; fileEncoding = 4; lastKnownFileType = sourcecode.c.objc; path = TTURLRequest.m; sourceTree = "<group>"; };
		3FB189011514DB0900A84E30 /* TTURLRequestCachePolicy.h */ = {isa = PBXFileReference; fileEncoding = 4; lastKnownFileType = sourcecode.c.h; path = TTURLRequestCachePolicy.h; sourceTree = "<group>"; };
		3FB189021514DB0900A84E30 /* TTURLRequestDelegate.h */ = {isa = PBXFileReference; fileEncoding = 4; lastKnownFileType = sourcecode.c.h; path = TTURLRequestDelegate.h; sourceTree = "<group>"; };
		3FB189031514DB0900A84E30 /* TTURLRequestQueue.h */ = {isa = PBXFileReference; fileEncoding = 4; lastKnownFileType = sourcecode.c.h; path = TTURLRequestQueue.h; sourceTree = "<group>"; };
		3FB189041514DB0900A84E30 /* TTURLRequestQueue.m */ = {isa = PBXFileReference; fileEncoding = 4; lastKnownFileType = sourcecode.c.objc; path = TTURLRequestQueue.m; sourceTree = "<group>"; };
		3FB189051514DB0900A84E30 /* TTURLRequestQueueInternal.h */ = {isa = PBXFileReference; fileEncoding = 4; lastKnownFileType = sourcecode.c.h; path = TTURLRequestQueueInternal.h; sourceTree = "<group>"; };
		3FB189061514DB0900A84E30 /* TTURLResponse.h */ = {isa = PBXFileReference; fileEncoding = 4; lastKnownFileType = sourcecode.c.h; path = TTURLResponse.h; sourceTree = "<group>"; };
		3FB189071514DB0900A84E30 /* TTUserInfo.h */ = {isa = PBXFileReference; fileEncoding = 4; lastKnownFileType = sourcecode.c.h; path = TTUserInfo.h; sourceTree = "<group>"; };
		3FB189081514DB0900A84E30 /* TTUserInfo.m */ = {isa = PBXFileReference; fileEncoding = 4; lastKnownFileType = sourcecode.c.objc; path = TTUserInfo.m; sourceTree = "<group>"; };
/* End PBXFileReference section */

/* Begin PBXFrameworksBuildPhase section */
		3FB188CD1514DA8200A84E30 /* Frameworks */ = {
			isa = PBXFrameworksBuildPhase;
			buildActionMask = 2147483647;
			files = (
				3FB188D41514DA8200A84E30 /* Foundation.framework in Frameworks */,
			);
			runOnlyForDeploymentPostprocessing = 0;
		};
/* End PBXFrameworksBuildPhase section */

/* Begin PBXGroup section */
		3FB188C51514DA8200A84E30 = {
			isa = PBXGroup;
			children = (
				3FB188D51514DA8200A84E30 /* Only320Network */,
				3FB188D21514DA8200A84E30 /* Frameworks */,
				3FB188D11514DA8200A84E30 /* Products */,
			);
			sourceTree = "<group>";
		};
		3FB188D11514DA8200A84E30 /* Products */ = {
			isa = PBXGroup;
			children = (
				3FB188D01514DA8200A84E30 /* libOnly320Network.a */,
			);
			name = Products;
			sourceTree = "<group>";
		};
		3FB188D21514DA8200A84E30 /* Frameworks */ = {
			isa = PBXGroup;
			children = (
				3FB188D31514DA8200A84E30 /* Foundation.framework */,
			);
			name = Frameworks;
			sourceTree = "<group>";
		};
		3FB188D51514DA8200A84E30 /* Only320Network */ = {
			isa = PBXGroup;
			children = (
				3FB188E01514DB0900A84E30 /* Additions */,
				3FB188EB1514DB0900A84E30 /* Only320Network.h */,
				3FB188EC1514DB0900A84E30 /* Only320Network.m */,
				3FB188ED1514DB0900A84E30 /* TTCorePreprocessorMacros.h */,
				3FB188EE1514DB0900A84E30 /* TTDebug.h */,
				3FB188EF1514DB0900A84E30 /* TTDebug.m */,
				3FB188F01514DB0900A84E30 /* TTDebugFlags.h */,
				3FB188F11514DB0900A84E30 /* TTErrorCodes.h */,
				3FB188F21514DB0900A84E30 /* TTErrorCodes.m */,
				3FB188F31514DB0900A84E30 /* TTGlobalCore.h */,
				3FB188F41514DB0900A84E30 /* TTGlobalCore.m */,
				3FB188F51514DB0900A84E30 /* TTGlobalCorePaths.h */,
				3FB188F61514DB0900A84E30 /* TTGlobalCorePaths.m */,
				3FB188F71514DB0900A84E30 /* TTRequestLoader.h */,
				3FB188F81514DB0900A84E30 /* TTRequestLoader.m */,
				3FB188F91514DB0900A84E30 /* TTURLCache.h */,
				3FB188FA1514DB0900A84E30 /* TTURLCache.m */,
				3FB188FB1514DB0900A84E30 /* TTURLDataResponse.h */,
				3FB188FC1514DB0900A84E30 /* TTURLDataResponse.m */,
				3FB188FD1514DB0900A84E30 /* TTURLImageResponse.h */,
				3FB188FE1514DB0900A84E30 /* TTURLImageResponse.m */,
				3FB188FF1514DB0900A84E30 /* TTURLRequest.h */,
				3FB189001514DB0900A84E30 /* TTURLRequest.m */,
				3FB189011514DB0900A84E30 /* TTURLRequestCachePolicy.h */,
				3FB189021514DB0900A84E30 /* TTURLRequestDelegate.h */,
				3FB189031514DB0900A84E30 /* TTURLRequestQueue.h */,
				3FB189041514DB0900A84E30 /* TTURLRequestQueue.m */,
				3FB189051514DB0900A84E30 /* TTURLRequestQueueInternal.h */,
				3FB189061514DB0900A84E30 /* TTURLResponse.h */,
				3FB189071514DB0900A84E30 /* TTUserInfo.h */,
				3FB189081514DB0900A84E30 /* TTUserInfo.m */,
				3FB188D61514DA8200A84E30 /* Supporting Files */,
			);
			path = Only320Network;
			sourceTree = "<group>";
		};
		3FB188D61514DA8200A84E30 /* Supporting Files */ = {
			isa = PBXGroup;
			children = (
				3FB188D71514DA8200A84E30 /* Only320Network-Prefix.pch */,
			);
			name = "Supporting Files";
			sourceTree = "<group>";
		};
		3FB188E01514DB0900A84E30 /* Additions */ = {
			isa = PBXGroup;
			children = (
				3FB188E11514DB0900A84E30 /* NSDataAdditions.h */,
				3FB188E21514DB0900A84E30 /* NSDataAdditions.m */,
				3FB188E31514DB0900A84E30 /* NSObjectAdditions.h */,
				3FB188E41514DB0900A84E30 /* NSObjectAdditions.m */,
				3FB188E51514DB0900A84E30 /* NSStringAdditions.h */,
				3FB188E61514DB0900A84E30 /* NSStringAdditions.m */,
				3FB188E71514DB0900A84E30 /* TTRequestLoader-Debug.h */,
				3FB188E81514DB0900A84E30 /* TTRequestLoader-Debug.m */,
				3FB188E91514DB0900A84E30 /* TTURLRequestQueue-Debug.h */,
				3FB188EA1514DB0900A84E30 /* TTURLRequestQueue-Debug.m */,
			);
			path = Additions;
			sourceTree = "<group>";
		};
/* End PBXGroup section */

/* Begin PBXHeadersBuildPhase section */
		3FB188CE1514DA8200A84E30 /* Headers */ = {
			isa = PBXHeadersBuildPhase;
			buildActionMask = 2147483647;
			files = (
				3FB189091514DB0900A84E30 /* NSDataAdditions.h in Headers */,
				3FB1890B1514DB0900A84E30 /* NSObjectAdditions.h in Headers */,
				3FB1890D1514DB0900A84E30 /* NSStringAdditions.h in Headers */,
				3FB1890F1514DB0900A84E30 /* TTRequestLoader-Debug.h in Headers */,
				3FB189111514DB0900A84E30 /* TTURLRequestQueue-Debug.h in Headers */,
				3FB189131514DB0900A84E30 /* Only320Network.h in Headers */,
				3FB189151514DB0900A84E30 /* TTCorePreprocessorMacros.h in Headers */,
				3FB189161514DB0900A84E30 /* TTDebug.h in Headers */,
				3FB189181514DB0900A84E30 /* TTDebugFlags.h in Headers */,
				3FB189191514DB0900A84E30 /* TTErrorCodes.h in Headers */,
				3FB1891B1514DB0900A84E30 /* TTGlobalCore.h in Headers */,
				3FB1891D1514DB0900A84E30 /* TTGlobalCorePaths.h in Headers */,
				3FB1891F1514DB0900A84E30 /* TTRequestLoader.h in Headers */,
				3FB189211514DB0900A84E30 /* TTURLCache.h in Headers */,
				3FB189231514DB0900A84E30 /* TTURLDataResponse.h in Headers */,
				3FB189251514DB0900A84E30 /* TTURLImageResponse.h in Headers */,
				3FB189271514DB0900A84E30 /* TTURLRequest.h in Headers */,
				3FB189291514DB0900A84E30 /* TTURLRequestCachePolicy.h in Headers */,
				3FB1892A1514DB0900A84E30 /* TTURLRequestDelegate.h in Headers */,
				3FB1892B1514DB0900A84E30 /* TTURLRequestQueue.h in Headers */,
				3FB1892D1514DB0900A84E30 /* TTURLRequestQueueInternal.h in Headers */,
				3FB1892E1514DB0900A84E30 /* TTURLResponse.h in Headers */,
				3FB1892F1514DB0900A84E30 /* TTUserInfo.h in Headers */,
			);
			runOnlyForDeploymentPostprocessing = 0;
		};
/* End PBXHeadersBuildPhase section */

/* Begin PBXNativeTarget section */
		3FB188CF1514DA8200A84E30 /* Only320Network */ = {
			isa = PBXNativeTarget;
			buildConfigurationList = 3FB188DD1514DA8200A84E30 /* Build configuration list for PBXNativeTarget "Only320Network" */;
			buildPhases = (
				3FB188CC1514DA8200A84E30 /* Sources */,
				3FB188CD1514DA8200A84E30 /* Frameworks */,
				3FB188CE1514DA8200A84E30 /* Headers */,
			);
			buildRules = (
			);
			dependencies = (
			);
			name = Only320Network;
			productName = Only320Network;
			productReference = 3FB188D01514DA8200A84E30 /* libOnly320Network.a */;
			productType = "com.apple.product-type.library.static";
		};
/* End PBXNativeTarget section */

/* Begin PBXProject section */
		3FB188C71514DA8200A84E30 /* Project object */ = {
			isa = PBXProject;
			attributes = {
				LastUpgradeCheck = 0430;
			};
			buildConfigurationList = 3FB188CA1514DA8200A84E30 /* Build configuration list for PBXProject "Only320Network" */;
			compatibilityVersion = "Xcode 3.2";
			developmentRegion = English;
			hasScannedForEncodings = 0;
			knownRegions = (
				en,
			);
			mainGroup = 3FB188C51514DA8200A84E30;
			productRefGroup = 3FB188D11514DA8200A84E30 /* Products */;
			projectDirPath = "";
			projectRoot = "";
			targets = (
				3FB188CF1514DA8200A84E30 /* Only320Network */,
			);
		};
/* End PBXProject section */

/* Begin PBXSourcesBuildPhase section */
		3FB188CC1514DA8200A84E30 /* Sources */ = {
			isa = PBXSourcesBuildPhase;
			buildActionMask = 2147483647;
			files = (
				3FB1890A1514DB0900A84E30 /* NSDataAdditions.m in Sources */,
				3FB1890C1514DB0900A84E30 /* NSObjectAdditions.m in Sources */,
				3FB1890E1514DB0900A84E30 /* NSStringAdditions.m in Sources */,
				3FB189101514DB0900A84E30 /* TTRequestLoader-Debug.m in Sources */,
				3FB189121514DB0900A84E30 /* TTURLRequestQueue-Debug.m in Sources */,
				3FB189141514DB0900A84E30 /* Only320Network.m in Sources */,
				3FB189171514DB0900A84E30 /* TTDebug.m in Sources */,
				3FB1891A1514DB0900A84E30 /* TTErrorCodes.m in Sources */,
				3FB1891C1514DB0900A84E30 /* TTGlobalCore.m in Sources */,
				3FB1891E1514DB0900A84E30 /* TTGlobalCorePaths.m in Sources */,
				3FB189201514DB0900A84E30 /* TTRequestLoader.m in Sources */,
				3FB189221514DB0900A84E30 /* TTURLCache.m in Sources */,
				3FB189241514DB0900A84E30 /* TTURLDataResponse.m in Sources */,
				3FB189261514DB0900A84E30 /* TTURLImageResponse.m in Sources */,
				3FB189281514DB0900A84E30 /* TTURLRequest.m in Sources */,
				3FB1892C1514DB0900A84E30 /* TTURLRequestQueue.m in Sources */,
				3FB189301514DB0900A84E30 /* TTUserInfo.m in Sources */,
			);
			runOnlyForDeploymentPostprocessing = 0;
		};
/* End PBXSourcesBuildPhase section */

/* Begin XCBuildConfiguration section */
		3FB188DB1514DA8200A84E30 /* Debug */ = {
			isa = XCBuildConfiguration;
			buildSettings = {
				ALWAYS_SEARCH_USER_PATHS = NO;
				ARCHS = "$(ARCHS_STANDARD_32_BIT)";
				COPY_PHASE_STRIP = NO;
				GCC_C_LANGUAGE_STANDARD = gnu99;
				GCC_DYNAMIC_NO_PIC = NO;
				GCC_OPTIMIZATION_LEVEL = 0;
				GCC_PREPROCESSOR_DEFINITIONS = (
					"DEBUG=1",
					"$(inherited)",
				);
				GCC_SYMBOLS_PRIVATE_EXTERN = NO;
				GCC_VERSION = com.apple.compilers.llvm.clang.1_0;
				GCC_WARN_ABOUT_RETURN_TYPE = YES;
				GCC_WARN_UNINITIALIZED_AUTOS = YES;
				GCC_WARN_UNUSED_VARIABLE = YES;
				IPHONEOS_DEPLOYMENT_TARGET = 5.0;
				SDKROOT = iphoneos;
			};
			name = Debug;
		};
		3FB188DC1514DA8200A84E30 /* Release */ = {
			isa = XCBuildConfiguration;
			buildSettings = {
				ALWAYS_SEARCH_USER_PATHS = NO;
				ARCHS = "$(ARCHS_STANDARD_32_BIT)";
				COPY_PHASE_STRIP = YES;
				GCC_C_LANGUAGE_STANDARD = gnu99;
				GCC_VERSION = com.apple.compilers.llvm.clang.1_0;
				GCC_WARN_ABOUT_RETURN_TYPE = YES;
				GCC_WARN_UNINITIALIZED_AUTOS = YES;
				GCC_WARN_UNUSED_VARIABLE = YES;
				IPHONEOS_DEPLOYMENT_TARGET = 5.0;
				SDKROOT = iphoneos;
				VALIDATE_PRODUCT = YES;
			};
			name = Release;
		};
		3FB188DE1514DA8200A84E30 /* Debug */ = {
			isa = XCBuildConfiguration;
			buildSettings = {
				DSTROOT = /tmp/Only320Network.dst;
				GCC_PRECOMPILE_PREFIX_HEADER = YES;
				GCC_PREFIX_HEADER = "Only320Network/Only320Network-Prefix.pch";
				OTHER_LDFLAGS = "-ObjC";
				PRODUCT_NAME = "$(TARGET_NAME)";
				SKIP_INSTALL = YES;
			};
			name = Debug;
		};
		3FB188DF1514DA8200A84E30 /* Release */ = {
			isa = XCBuildConfiguration;
			buildSettings = {
				DSTROOT = /tmp/Only320Network.dst;
				GCC_PRECOMPILE_PREFIX_HEADER = YES;
				GCC_PREFIX_HEADER = "Only320Network/Only320Network-Prefix.pch";
				OTHER_LDFLAGS = "-ObjC";
				PRODUCT_NAME = "$(TARGET_NAME)";
				SKIP_INSTALL = YES;
			};
			name = Release;
		};
/* End XCBuildConfiguration section */

/* Begin XCConfigurationList section */
		3FB188CA1514DA8200A84E30 /* Build configuration list for PBXProject "Only320Network" */ = {
			isa = XCConfigurationList;
			buildConfigurations = (
				3FB188DB1514DA8200A84E30 /* Debug */,
				3FB188DC1514DA8200A84E30 /* Release */,
			);
			defaultConfigurationIsVisible = 0;
			defaultConfigurationName = Release;
		};
		3FB188DD1514DA8200A84E30 /* Build configuration list for PBXNativeTarget "Only320Network" */ = {
			isa = XCConfigurationList;
			buildConfigurations = (
				3FB188DE1514DA8200A84E30 /* Debug */,
				3FB188DF1514DA8200A84E30 /* Release */,
			);
			defaultConfigurationIsVisible = 0;
		};
/* End XCConfigurationList section */
	};
	rootObject = 3FB188C71514DA8200A84E30 /* Project object */;
}
