// !$*UTF8*$!
{
	archiveVersion = 1;
	classes = {
	};
	objectVersion = 46;
	objects = {

/* Begin PBXBuildFile section */
		3FA392D1151EB0E8001212D3 /* NSDataAdditions.h in Headers */ = {isa = PBXBuildFile; fileRef = 3FA392A4151EB0E8001212D3 /* NSDataAdditions.h */; };
		3FA392D2151EB0E8001212D3 /* NSDataAdditions.m in Sources */ = {isa = PBXBuildFile; fileRef = 3FA392A5151EB0E8001212D3 /* NSDataAdditions.m */; };
		3FA392D3151EB0E8001212D3 /* NSObjectAdditions.h in Headers */ = {isa = PBXBuildFile; fileRef = 3FA392A6151EB0E8001212D3 /* NSObjectAdditions.h */; };
		3FA392D4151EB0E8001212D3 /* NSObjectAdditions.m in Sources */ = {isa = PBXBuildFile; fileRef = 3FA392A7151EB0E8001212D3 /* NSObjectAdditions.m */; };
		3FA392D5151EB0E8001212D3 /* NSStringAdditions.h in Headers */ = {isa = PBXBuildFile; fileRef = 3FA392A8151EB0E8001212D3 /* NSStringAdditions.h */; };
		3FA392D6151EB0E8001212D3 /* NSStringAdditions.m in Sources */ = {isa = PBXBuildFile; fileRef = 3FA392A9151EB0E8001212D3 /* NSStringAdditions.m */; };
		3FA392D7151EB0E8001212D3 /* TTRequestLoader-Debug.h in Headers */ = {isa = PBXBuildFile; fileRef = 3FA392AA151EB0E8001212D3 /* TTRequestLoader-Debug.h */; };
		3FA392D8151EB0E8001212D3 /* TTRequestLoader-Debug.m in Sources */ = {isa = PBXBuildFile; fileRef = 3FA392AB151EB0E8001212D3 /* TTRequestLoader-Debug.m */; };
		3FA392D9151EB0E8001212D3 /* TTURLRequestQueue-Debug.h in Headers */ = {isa = PBXBuildFile; fileRef = 3FA392AC151EB0E8001212D3 /* TTURLRequestQueue-Debug.h */; };
		3FA392DA151EB0E8001212D3 /* TTURLRequestQueue-Debug.m in Sources */ = {isa = PBXBuildFile; fileRef = 3FA392AD151EB0E8001212D3 /* TTURLRequestQueue-Debug.m */; };
		3FA392DB151EB0E8001212D3 /* TTCorePreprocessorMacros.h in Headers */ = {isa = PBXBuildFile; fileRef = 3FA392AF151EB0E8001212D3 /* TTCorePreprocessorMacros.h */; };
		3FA392DC151EB0E8001212D3 /* TTDebug.h in Headers */ = {isa = PBXBuildFile; fileRef = 3FA392B0151EB0E8001212D3 /* TTDebug.h */; };
		3FA392DD151EB0E8001212D3 /* TTDebug.m in Sources */ = {isa = PBXBuildFile; fileRef = 3FA392B1151EB0E8001212D3 /* TTDebug.m */; };
		3FA392DE151EB0E8001212D3 /* TTDebugFlags.h in Headers */ = {isa = PBXBuildFile; fileRef = 3FA392B2151EB0E8001212D3 /* TTDebugFlags.h */; };
		3FA392DF151EB0E8001212D3 /* TTErrorCodes.h in Headers */ = {isa = PBXBuildFile; fileRef = 3FA392B3151EB0E8001212D3 /* TTErrorCodes.h */; };
		3FA392E0151EB0E8001212D3 /* TTErrorCodes.m in Sources */ = {isa = PBXBuildFile; fileRef = 3FA392B4151EB0E8001212D3 /* TTErrorCodes.m */; };
		3FA392E1151EB0E8001212D3 /* TTGlobalCore.h in Headers */ = {isa = PBXBuildFile; fileRef = 3FA392B5151EB0E8001212D3 /* TTGlobalCore.h */; };
		3FA392E2151EB0E8001212D3 /* TTGlobalCore.m in Sources */ = {isa = PBXBuildFile; fileRef = 3FA392B6151EB0E8001212D3 /* TTGlobalCore.m */; };
		3FA392E3151EB0E8001212D3 /* TTGlobalCorePaths.h in Headers */ = {isa = PBXBuildFile; fileRef = 3FA392B7151EB0E8001212D3 /* TTGlobalCorePaths.h */; };
		3FA392E4151EB0E8001212D3 /* TTGlobalCorePaths.m in Sources */ = {isa = PBXBuildFile; fileRef = 3FA392B8151EB0E8001212D3 /* TTGlobalCorePaths.m */; };
		3FA392E5151EB0E8001212D3 /* TTURLCache.h in Headers */ = {isa = PBXBuildFile; fileRef = 3FA392BA151EB0E8001212D3 /* TTURLCache.h */; };
		3FA392E6151EB0E8001212D3 /* TTURLCache.m in Sources */ = {isa = PBXBuildFile; fileRef = 3FA392BB151EB0E8001212D3 /* TTURLCache.m */; };
		3FA392E7151EB0E8001212D3 /* Only320Network.h in Headers */ = {isa = PBXBuildFile; fileRef = 3FA392BC151EB0E8001212D3 /* Only320Network.h */; };
		3FA392E8151EB0E8001212D3 /* Only320Network.m in Sources */ = {isa = PBXBuildFile; fileRef = 3FA392BD151EB0E8001212D3 /* Only320Network.m */; };
		3FA392E9151EB0E8001212D3 /* TTNetImageView.h in Headers */ = {isa = PBXBuildFile; fileRef = 3FA392BE151EB0E8001212D3 /* TTNetImageView.h */; };
		3FA392EA151EB0E8001212D3 /* TTNetImageView.m in Sources */ = {isa = PBXBuildFile; fileRef = 3FA392BF151EB0E8001212D3 /* TTNetImageView.m */; };
		3FA392EB151EB0E8001212D3 /* TTNetImageViewDelegate.h in Headers */ = {isa = PBXBuildFile; fileRef = 3FA392C0151EB0E8001212D3 /* TTNetImageViewDelegate.h */; };
		3FA392EC151EB0E8001212D3 /* TTRequestLoader.h in Headers */ = {isa = PBXBuildFile; fileRef = 3FA392C1151EB0E8001212D3 /* TTRequestLoader.h */; };
		3FA392ED151EB0E8001212D3 /* TTRequestLoader.m in Sources */ = {isa = PBXBuildFile; fileRef = 3FA392C2151EB0E8001212D3 /* TTRequestLoader.m */; };
		3FA392EE151EB0E8001212D3 /* TTURLDataResponse.h in Headers */ = {isa = PBXBuildFile; fileRef = 3FA392C3151EB0E8001212D3 /* TTURLDataResponse.h */; };
		3FA392EF151EB0E8001212D3 /* TTURLDataResponse.m in Sources */ = {isa = PBXBuildFile; fileRef = 3FA392C4151EB0E8001212D3 /* TTURLDataResponse.m */; };
		3FA392F0151EB0E8001212D3 /* TTURLImageResponse.h in Headers */ = {isa = PBXBuildFile; fileRef = 3FA392C5151EB0E8001212D3 /* TTURLImageResponse.h */; };
		3FA392F1151EB0E8001212D3 /* TTURLImageResponse.m in Sources */ = {isa = PBXBuildFile; fileRef = 3FA392C6151EB0E8001212D3 /* TTURLImageResponse.m */; };
		3FA392F2151EB0E8001212D3 /* TTURLRequest.h in Headers */ = {isa = PBXBuildFile; fileRef = 3FA392C7151EB0E8001212D3 /* TTURLRequest.h */; };
		3FA392F3151EB0E8001212D3 /* TTURLRequest.m in Sources */ = {isa = PBXBuildFile; fileRef = 3FA392C8151EB0E8001212D3 /* TTURLRequest.m */; };
		3FA392F4151EB0E8001212D3 /* TTURLRequestCachePolicy.h in Headers */ = {isa = PBXBuildFile; fileRef = 3FA392C9151EB0E8001212D3 /* TTURLRequestCachePolicy.h */; };
		3FA392F5151EB0E8001212D3 /* TTURLRequestDelegate.h in Headers */ = {isa = PBXBuildFile; fileRef = 3FA392CA151EB0E8001212D3 /* TTURLRequestDelegate.h */; };
		3FA392F6151EB0E8001212D3 /* TTURLRequestQueue.h in Headers */ = {isa = PBXBuildFile; fileRef = 3FA392CB151EB0E8001212D3 /* TTURLRequestQueue.h */; };
		3FA392F7151EB0E8001212D3 /* TTURLRequestQueue.m in Sources */ = {isa = PBXBuildFile; fileRef = 3FA392CC151EB0E8001212D3 /* TTURLRequestQueue.m */; };
		3FA392F8151EB0E8001212D3 /* TTURLRequestQueueInternal.h in Headers */ = {isa = PBXBuildFile; fileRef = 3FA392CD151EB0E8001212D3 /* TTURLRequestQueueInternal.h */; };
		3FA392F9151EB0E8001212D3 /* TTURLResponse.h in Headers */ = {isa = PBXBuildFile; fileRef = 3FA392CE151EB0E8001212D3 /* TTURLResponse.h */; };
		3FA392FA151EB0E8001212D3 /* TTUserInfo.h in Headers */ = {isa = PBXBuildFile; fileRef = 3FA392CF151EB0E8001212D3 /* TTUserInfo.h */; };
		3FA392FB151EB0E8001212D3 /* TTUserInfo.m in Sources */ = {isa = PBXBuildFile; fileRef = 3FA392D0151EB0E8001212D3 /* TTUserInfo.m */; };
		3FB188D41514DA8200A84E30 /* Foundation.framework in Frameworks */ = {isa = PBXBuildFile; fileRef = 3FB188D31514DA8200A84E30 /* Foundation.framework */; };
/* End PBXBuildFile section */

/* Begin PBXFileReference section */
		3FA392A4151EB0E8001212D3 /* NSDataAdditions.h */ = {isa = PBXFileReference; fileEncoding = 4; lastKnownFileType = sourcecode.c.h; path = NSDataAdditions.h; sourceTree = "<group>"; };
		3FA392A5151EB0E8001212D3 /* NSDataAdditions.m */ = {isa = PBXFileReference; fileEncoding = 4; lastKnownFileType = sourcecode.c.objc; path = NSDataAdditions.m; sourceTree = "<group>"; };
		3FA392A6151EB0E8001212D3 /* NSObjectAdditions.h */ = {isa = PBXFileReference; fileEncoding = 4; lastKnownFileType = sourcecode.c.h; path = NSObjectAdditions.h; sourceTree = "<group>"; };
		3FA392A7151EB0E8001212D3 /* NSObjectAdditions.m */ = {isa = PBXFileReference; fileEncoding = 4; lastKnownFileType = sourcecode.c.objc; path = NSObjectAdditions.m; sourceTree = "<group>"; };
		3FA392A8151EB0E8001212D3 /* NSStringAdditions.h */ = {isa = PBXFileReference; fileEncoding = 4; lastKnownFileType = sourcecode.c.h; path = NSStringAdditions.h; sourceTree = "<group>"; };
		3FA392A9151EB0E8001212D3 /* NSStringAdditions.m */ = {isa = PBXFileReference; fileEncoding = 4; lastKnownFileType = sourcecode.c.objc; path = NSStringAdditions.m; sourceTree = "<group>"; };
		3FA392AA151EB0E8001212D3 /* TTRequestLoader-Debug.h */ = {isa = PBXFileReference; fileEncoding = 4; lastKnownFileType = sourcecode.c.h; path = "TTRequestLoader-Debug.h"; sourceTree = "<group>"; };
		3FA392AB151EB0E8001212D3 /* TTRequestLoader-Debug.m */ = {isa = PBXFileReference; fileEncoding = 4; lastKnownFileType = sourcecode.c.objc; path = "TTRequestLoader-Debug.m"; sourceTree = "<group>"; };
		3FA392AC151EB0E8001212D3 /* TTURLRequestQueue-Debug.h */ = {isa = PBXFileReference; fileEncoding = 4; lastKnownFileType = sourcecode.c.h; path = "TTURLRequestQueue-Debug.h"; sourceTree = "<group>"; };
		3FA392AD151EB0E8001212D3 /* TTURLRequestQueue-Debug.m */ = {isa = PBXFileReference; fileEncoding = 4; lastKnownFileType = sourcecode.c.objc; path = "TTURLRequestQueue-Debug.m"; sourceTree = "<group>"; };
		3FA392AF151EB0E8001212D3 /* TTCorePreprocessorMacros.h */ = {isa = PBXFileReference; fileEncoding = 4; lastKnownFileType = sourcecode.c.h; path = TTCorePreprocessorMacros.h; sourceTree = "<group>"; };
		3FA392B0151EB0E8001212D3 /* TTDebug.h */ = {isa = PBXFileReference; fileEncoding = 4; lastKnownFileType = sourcecode.c.h; path = TTDebug.h; sourceTree = "<group>"; };
		3FA392B1151EB0E8001212D3 /* TTDebug.m */ = {isa = PBXFileReference; fileEncoding = 4; lastKnownFileType = sourcecode.c.objc; path = TTDebug.m; sourceTree = "<group>"; };
		3FA392B2151EB0E8001212D3 /* TTDebugFlags.h */ = {isa = PBXFileReference; fileEncoding = 4; lastKnownFileType = sourcecode.c.h; path = TTDebugFlags.h; sourceTree = "<group>"; };
		3FA392B3151EB0E8001212D3 /* TTErrorCodes.h */ = {isa = PBXFileReference; fileEncoding = 4; lastKnownFileType = sourcecode.c.h; path = TTErrorCodes.h; sourceTree = "<group>"; };
		3FA392B4151EB0E8001212D3 /* TTErrorCodes.m */ = {isa = PBXFileReference; fileEncoding = 4; lastKnownFileType = sourcecode.c.objc; path = TTErrorCodes.m; sourceTree = "<group>"; };
		3FA392B5151EB0E8001212D3 /* TTGlobalCore.h */ = {isa = PBXFileReference; fileEncoding = 4; lastKnownFileType = sourcecode.c.h; path = TTGlobalCore.h; sourceTree = "<group>"; };
		3FA392B6151EB0E8001212D3 /* TTGlobalCore.m */ = {isa = PBXFileReference; fileEncoding = 4; lastKnownFileType = sourcecode.c.objc; path = TTGlobalCore.m; sourceTree = "<group>"; };
		3FA392B7151EB0E8001212D3 /* TTGlobalCorePaths.h */ = {isa = PBXFileReference; fileEncoding = 4; lastKnownFileType = sourcecode.c.h; path = TTGlobalCorePaths.h; sourceTree = "<group>"; };
		3FA392B8151EB0E8001212D3 /* TTGlobalCorePaths.m */ = {isa = PBXFileReference; fileEncoding = 4; lastKnownFileType = sourcecode.c.objc; path = TTGlobalCorePaths.m; sourceTree = "<group>"; };
		3FA392BA151EB0E8001212D3 /* TTURLCache.h */ = {isa = PBXFileReference; fileEncoding = 4; lastKnownFileType = sourcecode.c.h; path = TTURLCache.h; sourceTree = "<group>"; };
		3FA392BB151EB0E8001212D3 /* TTURLCache.m */ = {isa = PBXFileReference; fileEncoding = 4; lastKnownFileType = sourcecode.c.objc; path = TTURLCache.m; sourceTree = "<group>"; };
		3FA392BC151EB0E8001212D3 /* Only320Network.h */ = {isa = PBXFileReference; fileEncoding = 4; lastKnownFileType = sourcecode.c.h; path = Only320Network.h; sourceTree = "<group>"; };
		3FA392BD151EB0E8001212D3 /* Only320Network.m */ = {isa = PBXFileReference; fileEncoding = 4; lastKnownFileType = sourcecode.c.objc; path = Only320Network.m; sourceTree = "<group>"; };
		3FA392BE151EB0E8001212D3 /* TTNetImageView.h */ = {isa = PBXFileReference; fileEncoding = 4; lastKnownFileType = sourcecode.c.h; path = TTNetImageView.h; sourceTree = "<group>"; };
		3FA392BF151EB0E8001212D3 /* TTNetImageView.m */ = {isa = PBXFileReference; fileEncoding = 4; lastKnownFileType = sourcecode.c.objc; path = TTNetImageView.m; sourceTree = "<group>"; };
		3FA392C0151EB0E8001212D3 /* TTNetImageViewDelegate.h */ = {isa = PBXFileReference; fileEncoding = 4; lastKnownFileType = sourcecode.c.h; path = TTNetImageViewDelegate.h; sourceTree = "<group>"; };
		3FA392C1151EB0E8001212D3 /* TTRequestLoader.h */ = {isa = PBXFileReference; fileEncoding = 4; lastKnownFileType = sourcecode.c.h; path = TTRequestLoader.h; sourceTree = "<group>"; };
		3FA392C2151EB0E8001212D3 /* TTRequestLoader.m */ = {isa = PBXFileReference; fileEncoding = 4; lastKnownFileType = sourcecode.c.objc; path = TTRequestLoader.m; sourceTree = "<group>"; };
		3FA392C3151EB0E8001212D3 /* TTURLDataResponse.h */ = {isa = PBXFileReference; fileEncoding = 4; lastKnownFileType = sourcecode.c.h; path = TTURLDataResponse.h; sourceTree = "<group>"; };
		3FA392C4151EB0E8001212D3 /* TTURLDataResponse.m */ = {isa = PBXFileReference; fileEncoding = 4; lastKnownFileType = sourcecode.c.objc; path = TTURLDataResponse.m; sourceTree = "<group>"; };
		3FA392C5151EB0E8001212D3 /* TTURLImageResponse.h */ = {isa = PBXFileReference; fileEncoding = 4; lastKnownFileType = sourcecode.c.h; path = TTURLImageResponse.h; sourceTree = "<group>"; };
		3FA392C6151EB0E8001212D3 /* TTURLImageResponse.m */ = {isa = PBXFileReference; fileEncoding = 4; lastKnownFileType = sourcecode.c.objc; path = TTURLImageResponse.m; sourceTree = "<group>"; };
		3FA392C7151EB0E8001212D3 /* TTURLRequest.h */ = {isa = PBXFileReference; fileEncoding = 4; lastKnownFileType = sourcecode.c.h; path = TTURLRequest.h; sourceTree = "<group>"; };
		3FA392C8151EB0E8001212D3 /* TTURLRequest.m */ = {isa = PBXFileReference; fileEncoding = 4; lastKnownFileType = sourcecode.c.objc; path = TTURLRequest.m; sourceTree = "<group>"; };
		3FA392C9151EB0E8001212D3 /* TTURLRequestCachePolicy.h */ = {isa = PBXFileReference; fileEncoding = 4; lastKnownFileType = sourcecode.c.h; path = TTURLRequestCachePolicy.h; sourceTree = "<group>"; };
		3FA392CA151EB0E8001212D3 /* TTURLRequestDelegate.h */ = {isa = PBXFileReference; fileEncoding = 4; lastKnownFileType = sourcecode.c.h; path = TTURLRequestDelegate.h; sourceTree = "<group>"; };
		3FA392CB151EB0E8001212D3 /* TTURLRequestQueue.h */ = {isa = PBXFileReference; fileEncoding = 4; lastKnownFileType = sourcecode.c.h; path = TTURLRequestQueue.h; sourceTree = "<group>"; };
		3FA392CC151EB0E8001212D3 /* TTURLRequestQueue.m */ = {isa = PBXFileReference; fileEncoding = 4; lastKnownFileType = sourcecode.c.objc; path = TTURLRequestQueue.m; sourceTree = "<group>"; };
		3FA392CD151EB0E8001212D3 /* TTURLRequestQueueInternal.h */ = {isa = PBXFileReference; fileEncoding = 4; lastKnownFileType = sourcecode.c.h; path = TTURLRequestQueueInternal.h; sourceTree = "<group>"; };
		3FA392CE151EB0E8001212D3 /* TTURLResponse.h */ = {isa = PBXFileReference; fileEncoding = 4; lastKnownFileType = sourcecode.c.h; path = TTURLResponse.h; sourceTree = "<group>"; };
		3FA392CF151EB0E8001212D3 /* TTUserInfo.h */ = {isa = PBXFileReference; fileEncoding = 4; lastKnownFileType = sourcecode.c.h; path = TTUserInfo.h; sourceTree = "<group>"; };
		3FA392D0151EB0E8001212D3 /* TTUserInfo.m */ = {isa = PBXFileReference; fileEncoding = 4; lastKnownFileType = sourcecode.c.objc; path = TTUserInfo.m; sourceTree = "<group>"; };
		3FB188D01514DA8200A84E30 /* libOnly320Network.a */ = {isa = PBXFileReference; explicitFileType = archive.ar; includeInIndex = 0; path = libOnly320Network.a; sourceTree = BUILT_PRODUCTS_DIR; };
		3FB188D31514DA8200A84E30 /* Foundation.framework */ = {isa = PBXFileReference; lastKnownFileType = wrapper.framework; name = Foundation.framework; path = System/Library/Frameworks/Foundation.framework; sourceTree = SDKROOT; };
		3FB188D71514DA8200A84E30 /* Only320Network-Prefix.pch */ = {isa = PBXFileReference; lastKnownFileType = sourcecode.c.h; path = "Only320Network-Prefix.pch"; sourceTree = "<group>"; };
/* End PBXFileReference section */

/* Begin PBXFrameworksBuildPhase section */
		3FB188CD1514DA8200A84E30 /* Frameworks */ = {
			isa = PBXFrameworksBuildPhase;
			buildActionMask = 2147483647;
			files = (
				3FB188D41514DA8200A84E30 /* Foundation.framework in Frameworks */,
			);
			runOnlyForDeploymentPostprocessing = 0;
		};
/* End PBXFrameworksBuildPhase section */

/* Begin PBXGroup section */
		3FA392A3151EB0E8001212D3 /* Additions */ = {
			isa = PBXGroup;
			children = (
				3FA392A4151EB0E8001212D3 /* NSDataAdditions.h */,
				3FA392A5151EB0E8001212D3 /* NSDataAdditions.m */,
				3FA392A6151EB0E8001212D3 /* NSObjectAdditions.h */,
				3FA392A7151EB0E8001212D3 /* NSObjectAdditions.m */,
				3FA392A8151EB0E8001212D3 /* NSStringAdditions.h */,
				3FA392A9151EB0E8001212D3 /* NSStringAdditions.m */,
				3FA392AA151EB0E8001212D3 /* TTRequestLoader-Debug.h */,
				3FA392AB151EB0E8001212D3 /* TTRequestLoader-Debug.m */,
				3FA392AC151EB0E8001212D3 /* TTURLRequestQueue-Debug.h */,
				3FA392AD151EB0E8001212D3 /* TTURLRequestQueue-Debug.m */,
			);
			path = Additions;
			sourceTree = "<group>";
		};
		3FA392AE151EB0E8001212D3 /* Base */ = {
			isa = PBXGroup;
			children = (
				3FA392AF151EB0E8001212D3 /* TTCorePreprocessorMacros.h */,
				3FA392B0151EB0E8001212D3 /* TTDebug.h */,
				3FA392B1151EB0E8001212D3 /* TTDebug.m */,
				3FA392B2151EB0E8001212D3 /* TTDebugFlags.h */,
				3FA392B3151EB0E8001212D3 /* TTErrorCodes.h */,
				3FA392B4151EB0E8001212D3 /* TTErrorCodes.m */,
				3FA392B5151EB0E8001212D3 /* TTGlobalCore.h */,
				3FA392B6151EB0E8001212D3 /* TTGlobalCore.m */,
				3FA392B7151EB0E8001212D3 /* TTGlobalCorePaths.h */,
				3FA392B8151EB0E8001212D3 /* TTGlobalCorePaths.m */,
			);
			path = Base;
			sourceTree = "<group>";
		};
		3FA392B9151EB0E8001212D3 /* Cache */ = {
			isa = PBXGroup;
			children = (
				3FA392BA151EB0E8001212D3 /* TTURLCache.h */,
				3FA392BB151EB0E8001212D3 /* TTURLCache.m */,
			);
			path = Cache;
			sourceTree = "<group>";
		};
		3FB188C51514DA8200A84E30 = {
			isa = PBXGroup;
			children = (
				3FB188D51514DA8200A84E30 /* Only320Network */,
				3FB188D21514DA8200A84E30 /* Frameworks */,
				3FB188D11514DA8200A84E30 /* Products */,
			);
			sourceTree = "<group>";
		};
		3FB188D11514DA8200A84E30 /* Products */ = {
			isa = PBXGroup;
			children = (
				3FB188D01514DA8200A84E30 /* libOnly320Network.a */,
			);
			name = Products;
			sourceTree = "<group>";
		};
		3FB188D21514DA8200A84E30 /* Frameworks */ = {
			isa = PBXGroup;
			children = (
				3FB188D31514DA8200A84E30 /* Foundation.framework */,
			);
			name = Frameworks;
			sourceTree = "<group>";
		};
		3FB188D51514DA8200A84E30 /* Only320Network */ = {
			isa = PBXGroup;
			children = (
				3FA392A3151EB0E8001212D3 /* Additions */,
				3FA392AE151EB0E8001212D3 /* Base */,
				3FA392B9151EB0E8001212D3 /* Cache */,
				3FA392BC151EB0E8001212D3 /* Only320Network.h */,
				3FA392BD151EB0E8001212D3 /* Only320Network.m */,
				3FA392BE151EB0E8001212D3 /* TTNetImageView.h */,
				3FA392BF151EB0E8001212D3 /* TTNetImageView.m */,
				3FA392C0151EB0E8001212D3 /* TTNetImageViewDelegate.h */,
				3FA392C1151EB0E8001212D3 /* TTRequestLoader.h */,
				3FA392C2151EB0E8001212D3 /* TTRequestLoader.m */,
				3FA392C3151EB0E8001212D3 /* TTURLDataResponse.h */,
				3FA392C4151EB0E8001212D3 /* TTURLDataResponse.m */,
				3FA392C5151EB0E8001212D3 /* TTURLImageResponse.h */,
				3FA392C6151EB0E8001212D3 /* TTURLImageResponse.m */,
				3FA392C7151EB0E8001212D3 /* TTURLRequest.h */,
				3FA392C8151EB0E8001212D3 /* TTURLRequest.m */,
				3FA392C9151EB0E8001212D3 /* TTURLRequestCachePolicy.h */,
				3FA392CA151EB0E8001212D3 /* TTURLRequestDelegate.h */,
				3FA392CB151EB0E8001212D3 /* TTURLRequestQueue.h */,
				3FA392CC151EB0E8001212D3 /* TTURLRequestQueue.m */,
				3FA392CD151EB0E8001212D3 /* TTURLRequestQueueInternal.h */,
				3FA392CE151EB0E8001212D3 /* TTURLResponse.h */,
				3FA392CF151EB0E8001212D3 /* TTUserInfo.h */,
				3FA392D0151EB0E8001212D3 /* TTUserInfo.m */,
				3FB188D61514DA8200A84E30 /* Supporting Files */,
			);
			path = Only320Network;
			sourceTree = "<group>";
		};
		3FB188D61514DA8200A84E30 /* Supporting Files */ = {
			isa = PBXGroup;
			children = (
				3FB188D71514DA8200A84E30 /* Only320Network-Prefix.pch */,
			);
			name = "Supporting Files";
			sourceTree = "<group>";
		};
/* End PBXGroup section */

/* Begin PBXHeadersBuildPhase section */
		3FB188CE1514DA8200A84E30 /* Headers */ = {
			isa = PBXHeadersBuildPhase;
			buildActionMask = 2147483647;
			files = (
				3FA392D1151EB0E8001212D3 /* NSDataAdditions.h in Headers */,
				3FA392D3151EB0E8001212D3 /* NSObjectAdditions.h in Headers */,
				3FA392D5151EB0E8001212D3 /* NSStringAdditions.h in Headers */,
				3FA392D7151EB0E8001212D3 /* TTRequestLoader-Debug.h in Headers */,
				3FA392D9151EB0E8001212D3 /* TTURLRequestQueue-Debug.h in Headers */,
				3FA392DB151EB0E8001212D3 /* TTCorePreprocessorMacros.h in Headers */,
				3FA392DC151EB0E8001212D3 /* TTDebug.h in Headers */,
				3FA392DE151EB0E8001212D3 /* TTDebugFlags.h in Headers */,
				3FA392DF151EB0E8001212D3 /* TTErrorCodes.h in Headers */,
				3FA392E1151EB0E8001212D3 /* TTGlobalCore.h in Headers */,
				3FA392E3151EB0E8001212D3 /* TTGlobalCorePaths.h in Headers */,
				3FA392E5151EB0E8001212D3 /* TTURLCache.h in Headers */,
				3FA392E7151EB0E8001212D3 /* Only320Network.h in Headers */,
				3FA392E9151EB0E8001212D3 /* TTNetImageView.h in Headers */,
				3FA392EB151EB0E8001212D3 /* TTNetImageViewDelegate.h in Headers */,
				3FA392EC151EB0E8001212D3 /* TTRequestLoader.h in Headers */,
				3FA392EE151EB0E8001212D3 /* TTURLDataResponse.h in Headers */,
				3FA392F0151EB0E8001212D3 /* TTURLImageResponse.h in Headers */,
				3FA392F2151EB0E8001212D3 /* TTURLRequest.h in Headers */,
				3FA392F4151EB0E8001212D3 /* TTURLRequestCachePolicy.h in Headers */,
				3FA392F5151EB0E8001212D3 /* TTURLRequestDelegate.h in Headers */,
				3FA392F6151EB0E8001212D3 /* TTURLRequestQueue.h in Headers */,
				3FA392F8151EB0E8001212D3 /* TTURLRequestQueueInternal.h in Headers */,
				3FA392F9151EB0E8001212D3 /* TTURLResponse.h in Headers */,
				3FA392FA151EB0E8001212D3 /* TTUserInfo.h in Headers */,
			);
			runOnlyForDeploymentPostprocessing = 0;
		};
/* End PBXHeadersBuildPhase section */

/* Begin PBXNativeTarget section */
		3FB188CF1514DA8200A84E30 /* Only320Network */ = {
			isa = PBXNativeTarget;
			buildConfigurationList = 3FB188DD1514DA8200A84E30 /* Build configuration list for PBXNativeTarget "Only320Network" */;
			buildPhases = (
				3FB188CC1514DA8200A84E30 /* Sources */,
				3FB188CD1514DA8200A84E30 /* Frameworks */,
				3FB188CE1514DA8200A84E30 /* Headers */,
			);
			buildRules = (
			);
			dependencies = (
			);
			name = Only320Network;
			productName = Only320Network;
			productReference = 3FB188D01514DA8200A84E30 /* libOnly320Network.a */;
			productType = "com.apple.product-type.library.static";
		};
/* End PBXNativeTarget section */

/* Begin PBXProject section */
		3FB188C71514DA8200A84E30 /* Project object */ = {
			isa = PBXProject;
			attributes = {
				LastUpgradeCheck = 0430;
			};
			buildConfigurationList = 3FB188CA1514DA8200A84E30 /* Build configuration list for PBXProject "Only320Network" */;
			compatibilityVersion = "Xcode 3.2";
			developmentRegion = English;
			hasScannedForEncodings = 0;
			knownRegions = (
				en,
			);
			mainGroup = 3FB188C51514DA8200A84E30;
			productRefGroup = 3FB188D11514DA8200A84E30 /* Products */;
			projectDirPath = "";
			projectRoot = "";
			targets = (
				3FB188CF1514DA8200A84E30 /* Only320Network */,
			);
		};
/* End PBXProject section */

/* Begin PBXSourcesBuildPhase section */
		3FB188CC1514DA8200A84E30 /* Sources */ = {
			isa = PBXSourcesBuildPhase;
			buildActionMask = 2147483647;
			files = (
				3FA392D2151EB0E8001212D3 /* NSDataAdditions.m in Sources */,
				3FA392D4151EB0E8001212D3 /* NSObjectAdditions.m in Sources */,
				3FA392D6151EB0E8001212D3 /* NSStringAdditions.m in Sources */,
				3FA392D8151EB0E8001212D3 /* TTRequestLoader-Debug.m in Sources */,
				3FA392DA151EB0E8001212D3 /* TTURLRequestQueue-Debug.m in Sources */,
				3FA392DD151EB0E8001212D3 /* TTDebug.m in Sources */,
				3FA392E0151EB0E8001212D3 /* TTErrorCodes.m in Sources */,
				3FA392E2151EB0E8001212D3 /* TTGlobalCore.m in Sources */,
				3FA392E4151EB0E8001212D3 /* TTGlobalCorePaths.m in Sources */,
				3FA392E6151EB0E8001212D3 /* TTURLCache.m in Sources */,
				3FA392E8151EB0E8001212D3 /* Only320Network.m in Sources */,
				3FA392EA151EB0E8001212D3 /* TTNetImageView.m in Sources */,
				3FA392ED151EB0E8001212D3 /* TTRequestLoader.m in Sources */,
				3FA392EF151EB0E8001212D3 /* TTURLDataResponse.m in Sources */,
				3FA392F1151EB0E8001212D3 /* TTURLImageResponse.m in Sources */,
				3FA392F3151EB0E8001212D3 /* TTURLRequest.m in Sources */,
				3FA392F7151EB0E8001212D3 /* TTURLRequestQueue.m in Sources */,
				3FA392FB151EB0E8001212D3 /* TTUserInfo.m in Sources */,
			);
			runOnlyForDeploymentPostprocessing = 0;
		};
/* End PBXSourcesBuildPhase section */

/* Begin XCBuildConfiguration section */
		3FB188DB1514DA8200A84E30 /* Debug */ = {
			isa = XCBuildConfiguration;
			buildSettings = {
				ALWAYS_SEARCH_USER_PATHS = NO;
				ARCHS = "$(ARCHS_STANDARD_32_BIT)";
				COPY_PHASE_STRIP = NO;
				GCC_C_LANGUAGE_STANDARD = gnu99;
				GCC_DYNAMIC_NO_PIC = NO;
				GCC_OPTIMIZATION_LEVEL = 0;
				GCC_PREPROCESSOR_DEFINITIONS = (
					"DEBUG=1",
					"$(inherited)",
				);
				GCC_SYMBOLS_PRIVATE_EXTERN = NO;
				GCC_VERSION = com.apple.compilers.llvm.clang.1_0;
				GCC_WARN_ABOUT_RETURN_TYPE = YES;
				GCC_WARN_UNINITIALIZED_AUTOS = YES;
				GCC_WARN_UNUSED_VARIABLE = YES;
				IPHONEOS_DEPLOYMENT_TARGET = 5.0;
				SDKROOT = iphoneos;
			};
			name = Debug;
		};
		3FB188DC1514DA8200A84E30 /* Release */ = {
			isa = XCBuildConfiguration;
			buildSettings = {
				ALWAYS_SEARCH_USER_PATHS = NO;
				ARCHS = "$(ARCHS_STANDARD_32_BIT)";
				COPY_PHASE_STRIP = YES;
				GCC_C_LANGUAGE_STANDARD = gnu99;
				GCC_VERSION = com.apple.compilers.llvm.clang.1_0;
				GCC_WARN_ABOUT_RETURN_TYPE = YES;
				GCC_WARN_UNINITIALIZED_AUTOS = YES;
				GCC_WARN_UNUSED_VARIABLE = YES;
				IPHONEOS_DEPLOYMENT_TARGET = 5.0;
				SDKROOT = iphoneos;
				VALIDATE_PRODUCT = YES;
			};
			name = Release;
		};
		3FB188DE1514DA8200A84E30 /* Debug */ = {
			isa = XCBuildConfiguration;
			buildSettings = {
				DSTROOT = /tmp/Only320Network.dst;
				GCC_PRECOMPILE_PREFIX_HEADER = YES;
				GCC_PREFIX_HEADER = "Only320Network/Only320Network-Prefix.pch";
				OTHER_LDFLAGS = "-ObjC";
				PRODUCT_NAME = "$(TARGET_NAME)";
				SKIP_INSTALL = YES;
			};
			name = Debug;
		};
		3FB188DF1514DA8200A84E30 /* Release */ = {
			isa = XCBuildConfiguration;
			buildSettings = {
				DSTROOT = /tmp/Only320Network.dst;
				GCC_PRECOMPILE_PREFIX_HEADER = YES;
				GCC_PREFIX_HEADER = "Only320Network/Only320Network-Prefix.pch";
				OTHER_LDFLAGS = "-ObjC";
				PRODUCT_NAME = "$(TARGET_NAME)";
				SKIP_INSTALL = YES;
			};
			name = Release;
		};
/* End XCBuildConfiguration section */

/* Begin XCConfigurationList section */
		3FB188CA1514DA8200A84E30 /* Build configuration list for PBXProject "Only320Network" */ = {
			isa = XCConfigurationList;
			buildConfigurations = (
				3FB188DB1514DA8200A84E30 /* Debug */,
				3FB188DC1514DA8200A84E30 /* Release */,
			);
			defaultConfigurationIsVisible = 0;
			defaultConfigurationName = Release;
		};
		3FB188DD1514DA8200A84E30 /* Build configuration list for PBXNativeTarget "Only320Network" */ = {
			isa = XCConfigurationList;
			buildConfigurations = (
				3FB188DE1514DA8200A84E30 /* Debug */,
				3FB188DF1514DA8200A84E30 /* Release */,
			);
			defaultConfigurationIsVisible = 0;
			defaultConfigurationName = Release;
		};
/* End XCConfigurationList section */
	};
	rootObject = 3FB188C71514DA8200A84E30 /* Project object */;
}
