// !$*UTF8*$!
{
	archiveVersion = 1;
	classes = {
	};
	objectVersion = 46;
	objects = {

/* Begin PBXBuildFile section */
		3F8EF9DC15162D8400D6195A /* defaultImage.png in Resources */ = {isa = PBXBuildFile; fileRef = 3F8EF9DB15162D8400D6195A /* defaultImage.png */; };
		3FAFD3E715122491007C36C8 /* UIKit.framework in Frameworks */ = {isa = PBXBuildFile; fileRef = 3FAFD3E615122491007C36C8 /* UIKit.framework */; };
		3FAFD3E915122491007C36C8 /* Foundation.framework in Frameworks */ = {isa = PBXBuildFile; fileRef = 3FAFD3E815122491007C36C8 /* Foundation.framework */; };
		3FAFD3EB15122491007C36C8 /* CoreGraphics.framework in Frameworks */ = {isa = PBXBuildFile; fileRef = 3FAFD3EA15122491007C36C8 /* CoreGraphics.framework */; };
		3FAFD3F115122491007C36C8 /* InfoPlist.strings in Resources */ = {isa = PBXBuildFile; fileRef = 3FAFD3EF15122491007C36C8 /* InfoPlist.strings */; };
		3FAFD3F315122491007C36C8 /* main.m in Sources */ = {isa = PBXBuildFile; fileRef = 3FAFD3F215122491007C36C8 /* main.m */; };
		3FAFD3F715122491007C36C8 /* AppDelegate.m in Sources */ = {isa = PBXBuildFile; fileRef = 3FAFD3F615122491007C36C8 /* AppDelegate.m */; };
		4E4834A51663C7E4007EAAE5 /* NSDataAdditions.m in Sources */ = {isa = PBXBuildFile; fileRef = 4E4834781663C7E4007EAAE5 /* NSDataAdditions.m */; };
		4E4834A61663C7E4007EAAE5 /* NSObjectAdditions.m in Sources */ = {isa = PBXBuildFile; fileRef = 4E48347A1663C7E4007EAAE5 /* NSObjectAdditions.m */; };
		4E4834A71663C7E4007EAAE5 /* NSStringAdditions.m in Sources */ = {isa = PBXBuildFile; fileRef = 4E48347C1663C7E4007EAAE5 /* NSStringAdditions.m */; };
		4E4834A81663C7E4007EAAE5 /* TTRequestLoader-Debug.m in Sources */ = {isa = PBXBuildFile; fileRef = 4E48347E1663C7E4007EAAE5 /* TTRequestLoader-Debug.m */; };
		4E4834A91663C7E4007EAAE5 /* TTURLRequestQueue-Debug.m in Sources */ = {isa = PBXBuildFile; fileRef = 4E4834801663C7E4007EAAE5 /* TTURLRequestQueue-Debug.m */; };
		4E4834AA1663C7E4007EAAE5 /* TTDebug.m in Sources */ = {isa = PBXBuildFile; fileRef = 4E4834841663C7E4007EAAE5 /* TTDebug.m */; };
		4E4834AB1663C7E4007EAAE5 /* TTErrorCodes.m in Sources */ = {isa = PBXBuildFile; fileRef = 4E4834871663C7E4007EAAE5 /* TTErrorCodes.m */; };
		4E4834AC1663C7E4007EAAE5 /* TTGlobalCore.m in Sources */ = {isa = PBXBuildFile; fileRef = 4E4834891663C7E4007EAAE5 /* TTGlobalCore.m */; };
		4E4834AD1663C7E4007EAAE5 /* TTGlobalCorePaths.m in Sources */ = {isa = PBXBuildFile; fileRef = 4E48348B1663C7E4007EAAE5 /* TTGlobalCorePaths.m */; };
		4E4834AE1663C7E4007EAAE5 /* TTURLCache.m in Sources */ = {isa = PBXBuildFile; fileRef = 4E48348E1663C7E4007EAAE5 /* TTURLCache.m */; };
		4E4834AF1663C7E4007EAAE5 /* Only320Network.m in Sources */ = {isa = PBXBuildFile; fileRef = 4E4834911663C7E4007EAAE5 /* Only320Network.m */; };
		4E4834B01663C7E4007EAAE5 /* TTNetImageView.m in Sources */ = {isa = PBXBuildFile; fileRef = 4E4834931663C7E4007EAAE5 /* TTNetImageView.m */; };
		4E4834B11663C7E4007EAAE5 /* TTRequestLoader.m in Sources */ = {isa = PBXBuildFile; fileRef = 4E4834961663C7E4007EAAE5 /* TTRequestLoader.m */; };
		4E4834B21663C7E4007EAAE5 /* TTURLDataResponse.m in Sources */ = {isa = PBXBuildFile; fileRef = 4E4834981663C7E4007EAAE5 /* TTURLDataResponse.m */; };
		4E4834B31663C7E4007EAAE5 /* TTURLImageResponse.m in Sources */ = {isa = PBXBuildFile; fileRef = 4E48349A1663C7E4007EAAE5 /* TTURLImageResponse.m */; };
		4E4834B41663C7E4007EAAE5 /* TTURLRequest.m in Sources */ = {isa = PBXBuildFile; fileRef = 4E48349C1663C7E4007EAAE5 /* TTURLRequest.m */; };
		4E4834B51663C7E4007EAAE5 /* TTURLRequestQueue.m in Sources */ = {isa = PBXBuildFile; fileRef = 4E4834A01663C7E4007EAAE5 /* TTURLRequestQueue.m */; };
		4E4834B61663C7E4007EAAE5 /* TTUserInfo.m in Sources */ = {isa = PBXBuildFile; fileRef = 4E4834A41663C7E4007EAAE5 /* TTUserInfo.m */; };
		4E4834BA1663C84F007EAAE5 /* PostTableViewCell.m in Sources */ = {isa = PBXBuildFile; fileRef = 4E4834B91663C84F007EAAE5 /* PostTableViewCell.m */; };
		4E4834BF1663C85B007EAAE5 /* Post.m in Sources */ = {isa = PBXBuildFile; fileRef = 4E4834BC1663C85B007EAAE5 /* Post.m */; };
		4E4834C01663C85B007EAAE5 /* User.m in Sources */ = {isa = PBXBuildFile; fileRef = 4E4834BE1663C85B007EAAE5 /* User.m */; };
		4E4834D31663C865007EAAE5 /* BTRootViewController.m in Sources */ = {isa = PBXBuildFile; fileRef = 4E4834C21663C865007EAAE5 /* BTRootViewController.m */; };
		4E4834D41663C865007EAAE5 /* BTConsoleViewController.m in Sources */ = {isa = PBXBuildFile; fileRef = 4E4834C41663C865007EAAE5 /* BTConsoleViewController.m */; };
		4E4834D51663C865007EAAE5 /* BTBaseFeedController.m in Sources */ = {isa = PBXBuildFile; fileRef = 4E4834C61663C865007EAAE5 /* BTBaseFeedController.m */; };
		4E4834D61663C865007EAAE5 /* BTGlobalFeedController1.m in Sources */ = {isa = PBXBuildFile; fileRef = 4E4834C81663C865007EAAE5 /* BTGlobalFeedController1.m */; };
		4E4834D71663C865007EAAE5 /* BTGlobalFeedController2.m in Sources */ = {isa = PBXBuildFile; fileRef = 4E4834CA1663C865007EAAE5 /* BTGlobalFeedController2.m */; };
		4E4834D81663C865007EAAE5 /* BTGlobalFeedController2n.m in Sources */ = {isa = PBXBuildFile; fileRef = 4E4834CC1663C865007EAAE5 /* BTGlobalFeedController2n.m */; };
		4E4834D91663C865007EAAE5 /* BTGlobalFeedController3.m in Sources */ = {isa = PBXBuildFile; fileRef = 4E4834CE1663C865007EAAE5 /* BTGlobalFeedController3.m */; };
		4E4834DA1663C865007EAAE5 /* BTDetailViewController.m in Sources */ = {isa = PBXBuildFile; fileRef = 4E4834D01663C865007EAAE5 /* BTDetailViewController.m */; };
		4E4834DB1663C865007EAAE5 /* UITableViewController-Console.m in Sources */ = {isa = PBXBuildFile; fileRef = 4E4834D21663C865007EAAE5 /* UITableViewController-Console.m */; };
		4E4834E01663C874007EAAE5 /* global3.json in Resources */ = {isa = PBXBuildFile; fileRef = 4E4834DC1663C874007EAAE5 /* global3.json */; };
		4E4834E11663C874007EAAE5 /* global2.json in Resources */ = {isa = PBXBuildFile; fileRef = 4E4834DD1663C874007EAAE5 /* global2.json */; };
		4E4834E21663C874007EAAE5 /* global1.json in Resources */ = {isa = PBXBuildFile; fileRef = 4E4834DE1663C874007EAAE5 /* global1.json */; };
		4E4834E31663C874007EAAE5 /* global0.json in Resources */ = {isa = PBXBuildFile; fileRef = 4E4834DF1663C874007EAAE5 /* global0.json */; };
		4E4834E61663C8B7007EAAE5 /* profile-image-placeholder.png in Resources */ = {isa = PBXBuildFile; fileRef = 4E4834E41663C8B7007EAAE5 /* profile-image-placeholder.png */; };
		4E4834E71663C8B7007EAAE5 /* profile-image-placeholder@2x.png in Resources */ = {isa = PBXBuildFile; fileRef = 4E4834E51663C8B7007EAAE5 /* profile-image-placeholder@2x.png */; };
/* End PBXBuildFile section */

/* Begin PBXFileReference section */
		3F8EF9DB15162D8400D6195A /* defaultImage.png */ = {isa = PBXFileReference; lastKnownFileType = image.png; path = defaultImage.png; sourceTree = "<group>"; };
		3FAFD3E215122491007C36C8 /* 320NetworkDemo.app */ = {isa = PBXFileReference; explicitFileType = wrapper.application; includeInIndex = 0; path = 320NetworkDemo.app; sourceTree = BUILT_PRODUCTS_DIR; };
		3FAFD3E615122491007C36C8 /* UIKit.framework */ = {isa = PBXFileReference; lastKnownFileType = wrapper.framework; name = UIKit.framework; path = System/Library/Frameworks/UIKit.framework; sourceTree = SDKROOT; };
		3FAFD3E815122491007C36C8 /* Foundation.framework */ = {isa = PBXFileReference; lastKnownFileType = wrapper.framework; name = Foundation.framework; path = System/Library/Frameworks/Foundation.framework; sourceTree = SDKROOT; };
		3FAFD3EA15122491007C36C8 /* CoreGraphics.framework */ = {isa = PBXFileReference; lastKnownFileType = wrapper.framework; name = CoreGraphics.framework; path = System/Library/Frameworks/CoreGraphics.framework; sourceTree = SDKROOT; };
		3FAFD3EE15122491007C36C8 /* 320NetworkDemo-Info.plist */ = {isa = PBXFileReference; lastKnownFileType = text.plist.xml; path = "320NetworkDemo-Info.plist"; sourceTree = "<group>"; };
		3FAFD3F015122491007C36C8 /* en */ = {isa = PBXFileReference; lastKnownFileType = text.plist.strings; name = en; path = en.lproj/InfoPlist.strings; sourceTree = "<group>"; };
		3FAFD3F215122491007C36C8 /* main.m */ = {isa = PBXFileReference; lastKnownFileType = sourcecode.c.objc; path = main.m; sourceTree = "<group>"; };
		3FAFD3F415122491007C36C8 /* 320NetworkDemo-Prefix.pch */ = {isa = PBXFileReference; lastKnownFileType = sourcecode.c.h; path = "320NetworkDemo-Prefix.pch"; sourceTree = "<group>"; };
		3FAFD3F515122491007C36C8 /* AppDelegate.h */ = {isa = PBXFileReference; lastKnownFileType = sourcecode.c.h; path = AppDelegate.h; sourceTree = "<group>"; };
		3FAFD3F615122491007C36C8 /* AppDelegate.m */ = {isa = PBXFileReference; lastKnownFileType = sourcecode.c.objc; path = AppDelegate.m; sourceTree = "<group>"; };
		4E4834771663C7E4007EAAE5 /* NSDataAdditions.h */ = {isa = PBXFileReference; fileEncoding = 4; lastKnownFileType = sourcecode.c.h; path = NSDataAdditions.h; sourceTree = "<group>"; };
		4E4834781663C7E4007EAAE5 /* NSDataAdditions.m */ = {isa = PBXFileReference; fileEncoding = 4; lastKnownFileType = sourcecode.c.objc; path = NSDataAdditions.m; sourceTree = "<group>"; };
		4E4834791663C7E4007EAAE5 /* NSObjectAdditions.h */ = {isa = PBXFileReference; fileEncoding = 4; lastKnownFileType = sourcecode.c.h; path = NSObjectAdditions.h; sourceTree = "<group>"; };
		4E48347A1663C7E4007EAAE5 /* NSObjectAdditions.m */ = {isa = PBXFileReference; fileEncoding = 4; lastKnownFileType = sourcecode.c.objc; path = NSObjectAdditions.m; sourceTree = "<group>"; };
		4E48347B1663C7E4007EAAE5 /* NSStringAdditions.h */ = {isa = PBXFileReference; fileEncoding = 4; lastKnownFileType = sourcecode.c.h; path = NSStringAdditions.h; sourceTree = "<group>"; };
		4E48347C1663C7E4007EAAE5 /* NSStringAdditions.m */ = {isa = PBXFileReference; fileEncoding = 4; lastKnownFileType = sourcecode.c.objc; path = NSStringAdditions.m; sourceTree = "<group>"; };
		4E48347D1663C7E4007EAAE5 /* TTRequestLoader-Debug.h */ = {isa = PBXFileReference; fileEncoding = 4; lastKnownFileType = sourcecode.c.h; path = "TTRequestLoader-Debug.h"; sourceTree = "<group>"; };
		4E48347E1663C7E4007EAAE5 /* TTRequestLoader-Debug.m */ = {isa = PBXFileReference; fileEncoding = 4; lastKnownFileType = sourcecode.c.objc; path = "TTRequestLoader-Debug.m"; sourceTree = "<group>"; };
		4E48347F1663C7E4007EAAE5 /* TTURLRequestQueue-Debug.h */ = {isa = PBXFileReference; fileEncoding = 4; lastKnownFileType = sourcecode.c.h; path = "TTURLRequestQueue-Debug.h"; sourceTree = "<group>"; };
		4E4834801663C7E4007EAAE5 /* TTURLRequestQueue-Debug.m */ = {isa = PBXFileReference; fileEncoding = 4; lastKnownFileType = sourcecode.c.objc; path = "TTURLRequestQueue-Debug.m"; sourceTree = "<group>"; };
		4E4834821663C7E4007EAAE5 /* TTCorePreprocessorMacros.h */ = {isa = PBXFileReference; fileEncoding = 4; lastKnownFileType = sourcecode.c.h; path = TTCorePreprocessorMacros.h; sourceTree = "<group>"; };
		4E4834831663C7E4007EAAE5 /* TTDebug.h */ = {isa = PBXFileReference; fileEncoding = 4; lastKnownFileType = sourcecode.c.h; path = TTDebug.h; sourceTree = "<group>"; };
		4E4834841663C7E4007EAAE5 /* TTDebug.m */ = {isa = PBXFileReference; fileEncoding = 4; lastKnownFileType = sourcecode.c.objc; path = TTDebug.m; sourceTree = "<group>"; };
		4E4834851663C7E4007EAAE5 /* TTDebugFlags.h */ = {isa = PBXFileReference; fileEncoding = 4; lastKnownFileType = sourcecode.c.h; path = TTDebugFlags.h; sourceTree = "<group>"; };
		4E4834861663C7E4007EAAE5 /* TTErrorCodes.h */ = {isa = PBXFileReference; fileEncoding = 4; lastKnownFileType = sourcecode.c.h; path = TTErrorCodes.h; sourceTree = "<group>"; };
		4E4834871663C7E4007EAAE5 /* TTErrorCodes.m */ = {isa = PBXFileReference; fileEncoding = 4; lastKnownFileType = sourcecode.c.objc; path = TTErrorCodes.m; sourceTree = "<group>"; };
		4E4834881663C7E4007EAAE5 /* TTGlobalCore.h */ = {isa = PBXFileReference; fileEncoding = 4; lastKnownFileType = sourcecode.c.h; path = TTGlobalCore.h; sourceTree = "<group>"; };
		4E4834891663C7E4007EAAE5 /* TTGlobalCore.m */ = {isa = PBXFileReference; fileEncoding = 4; lastKnownFileType = sourcecode.c.objc; path = TTGlobalCore.m; sourceTree = "<group>"; };
		4E48348A1663C7E4007EAAE5 /* TTGlobalCorePaths.h */ = {isa = PBXFileReference; fileEncoding = 4; lastKnownFileType = sourcecode.c.h; path = TTGlobalCorePaths.h; sourceTree = "<group>"; };
		4E48348B1663C7E4007EAAE5 /* TTGlobalCorePaths.m */ = {isa = PBXFileReference; fileEncoding = 4; lastKnownFileType = sourcecode.c.objc; path = TTGlobalCorePaths.m; sourceTree = "<group>"; };
		4E48348D1663C7E4007EAAE5 /* TTURLCache.h */ = {isa = PBXFileReference; fileEncoding = 4; lastKnownFileType = sourcecode.c.h; path = TTURLCache.h; sourceTree = "<group>"; };
		4E48348E1663C7E4007EAAE5 /* TTURLCache.m */ = {isa = PBXFileReference; fileEncoding = 4; lastKnownFileType = sourcecode.c.objc; path = TTURLCache.m; sourceTree = "<group>"; };
		4E48348F1663C7E4007EAAE5 /* Only320Network-Prefix.pch */ = {isa = PBXFileReference; fileEncoding = 4; lastKnownFileType = sourcecode.c.h; path = "Only320Network-Prefix.pch"; sourceTree = "<group>"; };
		4E4834901663C7E4007EAAE5 /* Only320Network.h */ = {isa = PBXFileReference; fileEncoding = 4; lastKnownFileType = sourcecode.c.h; path = Only320Network.h; sourceTree = "<group>"; };
		4E4834911663C7E4007EAAE5 /* Only320Network.m */ = {isa = PBXFileReference; fileEncoding = 4; lastKnownFileType = sourcecode.c.objc; path = Only320Network.m; sourceTree = "<group>"; };
		4E4834921663C7E4007EAAE5 /* TTNetImageView.h */ = {isa = PBXFileReference; fileEncoding = 4; lastKnownFileType = sourcecode.c.h; path = TTNetImageView.h; sourceTree = "<group>"; };
		4E4834931663C7E4007EAAE5 /* TTNetImageView.m */ = {isa = PBXFileReference; fileEncoding = 4; lastKnownFileType = sourcecode.c.objc; path = TTNetImageView.m; sourceTree = "<group>"; };
		4E4834941663C7E4007EAAE5 /* TTNetImageViewDelegate.h */ = {isa = PBXFileReference; fileEncoding = 4; lastKnownFileType = sourcecode.c.h; path = TTNetImageViewDelegate.h; sourceTree = "<group>"; };
		4E4834951663C7E4007EAAE5 /* TTRequestLoader.h */ = {isa = PBXFileReference; fileEncoding = 4; lastKnownFileType = sourcecode.c.h; path = TTRequestLoader.h; sourceTree = "<group>"; };
		4E4834961663C7E4007EAAE5 /* TTRequestLoader.m */ = {isa = PBXFileReference; fileEncoding = 4; lastKnownFileType = sourcecode.c.objc; path = TTRequestLoader.m; sourceTree = "<group>"; };
		4E4834971663C7E4007EAAE5 /* TTURLDataResponse.h */ = {isa = PBXFileReference; fileEncoding = 4; lastKnownFileType = sourcecode.c.h; path = TTURLDataResponse.h; sourceTree = "<group>"; };
		4E4834981663C7E4007EAAE5 /* TTURLDataResponse.m */ = {isa = PBXFileReference; fileEncoding = 4; lastKnownFileType = sourcecode.c.objc; path = TTURLDataResponse.m; sourceTree = "<group>"; };
		4E4834991663C7E4007EAAE5 /* TTURLImageResponse.h */ = {isa = PBXFileReference; fileEncoding = 4; lastKnownFileType = sourcecode.c.h; path = TTURLImageResponse.h; sourceTree = "<group>"; };
		4E48349A1663C7E4007EAAE5 /* TTURLImageResponse.m */ = {isa = PBXFileReference; fileEncoding = 4; lastKnownFileType = sourcecode.c.objc; path = TTURLImageResponse.m; sourceTree = "<group>"; };
		4E48349B1663C7E4007EAAE5 /* TTURLRequest.h */ = {isa = PBXFileReference; fileEncoding = 4; lastKnownFileType = sourcecode.c.h; path = TTURLRequest.h; sourceTree = "<group>"; };
		4E48349C1663C7E4007EAAE5 /* TTURLRequest.m */ = {isa = PBXFileReference; fileEncoding = 4; lastKnownFileType = sourcecode.c.objc; path = TTURLRequest.m; sourceTree = "<group>"; };
		4E48349D1663C7E4007EAAE5 /* TTURLRequestCachePolicy.h */ = {isa = PBXFileReference; fileEncoding = 4; lastKnownFileType = sourcecode.c.h; path = TTURLRequestCachePolicy.h; sourceTree = "<group>"; };
		4E48349E1663C7E4007EAAE5 /* TTURLRequestDelegate.h */ = {isa = PBXFileReference; fileEncoding = 4; lastKnownFileType = sourcecode.c.h; path = TTURLRequestDelegate.h; sourceTree = "<group>"; };
		4E48349F1663C7E4007EAAE5 /* TTURLRequestQueue.h */ = {isa = PBXFileReference; fileEncoding = 4; lastKnownFileType = sourcecode.c.h; path = TTURLRequestQueue.h; sourceTree = "<group>"; };
		4E4834A01663C7E4007EAAE5 /* TTURLRequestQueue.m */ = {isa = PBXFileReference; fileEncoding = 4; lastKnownFileType = sourcecode.c.objc; path = TTURLRequestQueue.m; sourceTree = "<group>"; };
		4E4834A11663C7E4007EAAE5 /* TTURLRequestQueueInternal.h */ = {isa = PBXFileReference; fileEncoding = 4; lastKnownFileType = sourcecode.c.h; path = TTURLRequestQueueInternal.h; sourceTree = "<group>"; };
		4E4834A21663C7E4007EAAE5 /* TTURLResponse.h */ = {isa = PBXFileReference; fileEncoding = 4; lastKnownFileType = sourcecode.c.h; path = TTURLResponse.h; sourceTree = "<group>"; };
		4E4834A31663C7E4007EAAE5 /* TTUserInfo.h */ = {isa = PBXFileReference; fileEncoding = 4; lastKnownFileType = sourcecode.c.h; path = TTUserInfo.h; sourceTree = "<group>"; };
		4E4834A41663C7E4007EAAE5 /* TTUserInfo.m */ = {isa = PBXFileReference; fileEncoding = 4; lastKnownFileType = sourcecode.c.objc; path = TTUserInfo.m; sourceTree = "<group>"; };
		4E4834B81663C84F007EAAE5 /* PostTableViewCell.h */ = {isa = PBXFileReference; fileEncoding = 4; lastKnownFileType = sourcecode.c.h; path = PostTableViewCell.h; sourceTree = "<group>"; };
		4E4834B91663C84F007EAAE5 /* PostTableViewCell.m */ = {isa = PBXFileReference; fileEncoding = 4; lastKnownFileType = sourcecode.c.objc; path = PostTableViewCell.m; sourceTree = "<group>"; };
		4E4834BB1663C85B007EAAE5 /* Post.h */ = {isa = PBXFileReference; fileEncoding = 4; lastKnownFileType = sourcecode.c.h; path = Post.h; sourceTree = "<group>"; };
		4E4834BC1663C85B007EAAE5 /* Post.m */ = {isa = PBXFileReference; fileEncoding = 4; lastKnownFileType = sourcecode.c.objc; path = Post.m; sourceTree = "<group>"; };
		4E4834BD1663C85B007EAAE5 /* User.h */ = {isa = PBXFileReference; fileEncoding = 4; lastKnownFileType = sourcecode.c.h; path = User.h; sourceTree = "<group>"; };
		4E4834BE1663C85B007EAAE5 /* User.m */ = {isa = PBXFileReference; fileEncoding = 4; lastKnownFileType = sourcecode.c.objc; path = User.m; sourceTree = "<group>"; };
		4E4834C11663C865007EAAE5 /* BTRootViewController.h */ = {isa = PBXFileReference; fileEncoding = 4; lastKnownFileType = sourcecode.c.h; path = BTRootViewController.h; sourceTree = "<group>"; };
		4E4834C21663C865007EAAE5 /* BTRootViewController.m */ = {isa = PBXFileReference; fileEncoding = 4; lastKnownFileType = sourcecode.c.objc; path = BTRootViewController.m; sourceTree = "<group>"; };
		4E4834C31663C865007EAAE5 /* BTConsoleViewController.h */ = {isa = PBXFileReference; fileEncoding = 4; lastKnownFileType = sourcecode.c.h; path = BTConsoleViewController.h; sourceTree = "<group>"; };
		4E4834C41663C865007EAAE5 /* BTConsoleViewController.m */ = {isa = PBXFileReference; fileEncoding = 4; lastKnownFileType = sourcecode.c.objc; path = BTConsoleViewController.m; sourceTree = "<group>"; };
		4E4834C51663C865007EAAE5 /* BTBaseFeedController.h */ = {isa = PBXFileReference; fileEncoding = 4; lastKnownFileType = sourcecode.c.h; path = BTBaseFeedController.h; sourceTree = "<group>"; };
		4E4834C61663C865007EAAE5 /* BTBaseFeedController.m */ = {isa = PBXFileReference; fileEncoding = 4; lastKnownFileType = sourcecode.c.objc; path = BTBaseFeedController.m; sourceTree = "<group>"; };
		4E4834C71663C865007EAAE5 /* BTGlobalFeedController1.h */ = {isa = PBXFileReference; fileEncoding = 4; lastKnownFileType = sourcecode.c.h; path = BTGlobalFeedController1.h; sourceTree = "<group>"; };
		4E4834C81663C865007EAAE5 /* BTGlobalFeedController1.m */ = {isa = PBXFileReference; fileEncoding = 4; lastKnownFileType = sourcecode.c.objc; path = BTGlobalFeedController1.m; sourceTree = "<group>"; };
		4E4834C91663C865007EAAE5 /* BTGlobalFeedController2.h */ = {isa = PBXFileReference; fileEncoding = 4; lastKnownFileType = sourcecode.c.h; path = BTGlobalFeedController2.h; sourceTree = "<group>"; };
		4E4834CA1663C865007EAAE5 /* BTGlobalFeedController2.m */ = {isa = PBXFileReference; fileEncoding = 4; lastKnownFileType = sourcecode.c.objc; path = BTGlobalFeedController2.m; sourceTree = "<group>"; };
		4E4834CB1663C865007EAAE5 /* BTGlobalFeedController2n.h */ = {isa = PBXFileReference; fileEncoding = 4; lastKnownFileType = sourcecode.c.h; path = BTGlobalFeedController2n.h; sourceTree = "<group>"; };
		4E4834CC1663C865007EAAE5 /* BTGlobalFeedController2n.m */ = {isa = PBXFileReference; fileEncoding = 4; lastKnownFileType = sourcecode.c.objc; path = BTGlobalFeedController2n.m; sourceTree = "<group>"; };
		4E4834CD1663C865007EAAE5 /* BTGlobalFeedController3.h */ = {isa = PBXFileReference; fileEncoding = 4; lastKnownFileType = sourcecode.c.h; path = BTGlobalFeedController3.h; sourceTree = "<group>"; };
		4E4834CE1663C865007EAAE5 /* BTGlobalFeedController3.m */ = {isa = PBXFileReference; fileEncoding = 4; lastKnownFileType = sourcecode.c.objc; path = BTGlobalFeedController3.m; sourceTree = "<group>"; };
		4E4834CF1663C865007EAAE5 /* BTDetailViewController.h */ = {isa = PBXFileReference; fileEncoding = 4; lastKnownFileType = sourcecode.c.h; path = BTDetailViewController.h; sourceTree = "<group>"; };
		4E4834D01663C865007EAAE5 /* BTDetailViewController.m */ = {isa = PBXFileReference; fileEncoding = 4; lastKnownFileType = sourcecode.c.objc; path = BTDetailViewController.m; sourceTree = "<group>"; };
		4E4834D11663C865007EAAE5 /* UITableViewController-Console.h */ = {isa = PBXFileReference; fileEncoding = 4; lastKnownFileType = sourcecode.c.h; path = "UITableViewController-Console.h"; sourceTree = "<group>"; };
		4E4834D21663C865007EAAE5 /* UITableViewController-Console.m */ = {isa = PBXFileReference; fileEncoding = 4; lastKnownFileType = sourcecode.c.objc; path = "UITableViewController-Console.m"; sourceTree = "<group>"; };
		4E4834DC1663C874007EAAE5 /* global3.json */ = {isa = PBXFileReference; fileEncoding = 4; lastKnownFileType = text.json; path = global3.json; sourceTree = "<group>"; };
		4E4834DD1663C874007EAAE5 /* global2.json */ = {isa = PBXFileReference; fileEncoding = 4; lastKnownFileType = text.json; path = global2.json; sourceTree = "<group>"; };
		4E4834DE1663C874007EAAE5 /* global1.json */ = {isa = PBXFileReference; fileEncoding = 4; lastKnownFileType = text.json; path = global1.json; sourceTree = "<group>"; };
		4E4834DF1663C874007EAAE5 /* global0.json */ = {isa = PBXFileReference; fileEncoding = 4; lastKnownFileType = text.json; path = global0.json; sourceTree = "<group>"; };
		4E4834E41663C8B7007EAAE5 /* profile-image-placeholder.png */ = {isa = PBXFileReference; lastKnownFileType = image.png; path = "profile-image-placeholder.png"; sourceTree = "<group>"; };
		4E4834E51663C8B7007EAAE5 /* profile-image-placeholder@2x.png */ = {isa = PBXFileReference; lastKnownFileType = image.png; path = "profile-image-placeholder@2x.png"; sourceTree = "<group>"; };
/* End PBXFileReference section */

/* Begin PBXFrameworksBuildPhase section */
		3FAFD3DF15122491007C36C8 /* Frameworks */ = {
			isa = PBXFrameworksBuildPhase;
			buildActionMask = 2147483647;
			files = (
				3FAFD3E715122491007C36C8 /* UIKit.framework in Frameworks */,
				3FAFD3E915122491007C36C8 /* Foundation.framework in Frameworks */,
				3FAFD3EB15122491007C36C8 /* CoreGraphics.framework in Frameworks */,
			);
			runOnlyForDeploymentPostprocessing = 0;
		};
/* End PBXFrameworksBuildPhase section */

/* Begin PBXGroup section */
		3FAFD3D715122491007C36C8 = {
			isa = PBXGroup;
			children = (
				4E4834751663C7E4007EAAE5 /* Only320Network */,
				3FAFD3EC15122491007C36C8 /* 320NetworkDemo */,
				3FAFD3E515122491007C36C8 /* Frameworks */,
				3FAFD3E315122491007C36C8 /* Products */,
			);
			sourceTree = "<group>";
		};
		3FAFD3E315122491007C36C8 /* Products */ = {
			isa = PBXGroup;
			children = (
				3FAFD3E215122491007C36C8 /* 320NetworkDemo.app */,
			);
			name = Products;
			sourceTree = "<group>";
		};
		3FAFD3E515122491007C36C8 /* Frameworks */ = {
			isa = PBXGroup;
			children = (
				3FAFD3E615122491007C36C8 /* UIKit.framework */,
				3FAFD3E815122491007C36C8 /* Foundation.framework */,
				3FAFD3EA15122491007C36C8 /* CoreGraphics.framework */,
			);
			name = Frameworks;
			sourceTree = "<group>";
		};
		3FAFD3EC15122491007C36C8 /* 320NetworkDemo */ = {
			isa = PBXGroup;
			children = (
				4E4834B71663C81C007EAAE5 /* Classes */,
				3FAFD3F515122491007C36C8 /* AppDelegate.h */,
				3FAFD3F615122491007C36C8 /* AppDelegate.m */,
				3FAFD3ED15122491007C36C8 /* Supporting Files */,
			);
			path = 320NetworkDemo;
			sourceTree = "<group>";
		};
		3FAFD3ED15122491007C36C8 /* Supporting Files */ = {
			isa = PBXGroup;
			children = (
				4E4834E41663C8B7007EAAE5 /* profile-image-placeholder.png */,
				4E4834E51663C8B7007EAAE5 /* profile-image-placeholder@2x.png */,
				4E4834DC1663C874007EAAE5 /* global3.json */,
				4E4834DD1663C874007EAAE5 /* global2.json */,
				4E4834DE1663C874007EAAE5 /* global1.json */,
				4E4834DF1663C874007EAAE5 /* global0.json */,
				3F8EF9DB15162D8400D6195A /* defaultImage.png */,
				3FAFD3EE15122491007C36C8 /* 320NetworkDemo-Info.plist */,
				3FAFD3EF15122491007C36C8 /* InfoPlist.strings */,
				3FAFD3F215122491007C36C8 /* main.m */,
				3FAFD3F415122491007C36C8 /* 320NetworkDemo-Prefix.pch */,
			);
			name = "Supporting Files";
			sourceTree = "<group>";
		};
		4E4834751663C7E4007EAAE5 /* Only320Network */ = {
			isa = PBXGroup;
			children = (
				4E4834761663C7E4007EAAE5 /* Additions */,
				4E4834811663C7E4007EAAE5 /* Base */,
				4E48348C1663C7E4007EAAE5 /* Cache */,
				4E48348F1663C7E4007EAAE5 /* Only320Network-Prefix.pch */,
				4E4834901663C7E4007EAAE5 /* Only320Network.h */,
				4E4834911663C7E4007EAAE5 /* Only320Network.m */,
				4E4834921663C7E4007EAAE5 /* TTNetImageView.h */,
				4E4834931663C7E4007EAAE5 /* TTNetImageView.m */,
				4E4834941663C7E4007EAAE5 /* TTNetImageViewDelegate.h */,
				4E4834951663C7E4007EAAE5 /* TTRequestLoader.h */,
				4E4834961663C7E4007EAAE5 /* TTRequestLoader.m */,
				4E4834971663C7E4007EAAE5 /* TTURLDataResponse.h */,
				4E4834981663C7E4007EAAE5 /* TTURLDataResponse.m */,
				4E4834991663C7E4007EAAE5 /* TTURLImageResponse.h */,
				4E48349A1663C7E4007EAAE5 /* TTURLImageResponse.m */,
				4E48349B1663C7E4007EAAE5 /* TTURLRequest.h */,
				4E48349C1663C7E4007EAAE5 /* TTURLRequest.m */,
				4E48349D1663C7E4007EAAE5 /* TTURLRequestCachePolicy.h */,
				4E48349E1663C7E4007EAAE5 /* TTURLRequestDelegate.h */,
				4E48349F1663C7E4007EAAE5 /* TTURLRequestQueue.h */,
				4E4834A01663C7E4007EAAE5 /* TTURLRequestQueue.m */,
				4E4834A11663C7E4007EAAE5 /* TTURLRequestQueueInternal.h */,
				4E4834A21663C7E4007EAAE5 /* TTURLResponse.h */,
				4E4834A31663C7E4007EAAE5 /* TTUserInfo.h */,
				4E4834A41663C7E4007EAAE5 /* TTUserInfo.m */,
			);
			path = Only320Network;
			sourceTree = "<group>";
		};
		4E4834761663C7E4007EAAE5 /* Additions */ = {
			isa = PBXGroup;
			children = (
				4E4834771663C7E4007EAAE5 /* NSDataAdditions.h */,
				4E4834781663C7E4007EAAE5 /* NSDataAdditions.m */,
				4E4834791663C7E4007EAAE5 /* NSObjectAdditions.h */,
				4E48347A1663C7E4007EAAE5 /* NSObjectAdditions.m */,
				4E48347B1663C7E4007EAAE5 /* NSStringAdditions.h */,
				4E48347C1663C7E4007EAAE5 /* NSStringAdditions.m */,
				4E48347D1663C7E4007EAAE5 /* TTRequestLoader-Debug.h */,
				4E48347E1663C7E4007EAAE5 /* TTRequestLoader-Debug.m */,
				4E48347F1663C7E4007EAAE5 /* TTURLRequestQueue-Debug.h */,
				4E4834801663C7E4007EAAE5 /* TTURLRequestQueue-Debug.m */,
			);
			path = Additions;
			sourceTree = "<group>";
		};
		4E4834811663C7E4007EAAE5 /* Base */ = {
			isa = PBXGroup;
			children = (
				4E4834821663C7E4007EAAE5 /* TTCorePreprocessorMacros.h */,
				4E4834831663C7E4007EAAE5 /* TTDebug.h */,
				4E4834841663C7E4007EAAE5 /* TTDebug.m */,
				4E4834851663C7E4007EAAE5 /* TTDebugFlags.h */,
				4E4834861663C7E4007EAAE5 /* TTErrorCodes.h */,
				4E4834871663C7E4007EAAE5 /* TTErrorCodes.m */,
				4E4834881663C7E4007EAAE5 /* TTGlobalCore.h */,
				4E4834891663C7E4007EAAE5 /* TTGlobalCore.m */,
				4E48348A1663C7E4007EAAE5 /* TTGlobalCorePaths.h */,
				4E48348B1663C7E4007EAAE5 /* TTGlobalCorePaths.m */,
			);
			path = Base;
			sourceTree = "<group>";
		};
		4E48348C1663C7E4007EAAE5 /* Cache */ = {
			isa = PBXGroup;
			children = (
				4E48348D1663C7E4007EAAE5 /* TTURLCache.h */,
				4E48348E1663C7E4007EAAE5 /* TTURLCache.m */,
			);
			path = Cache;
			sourceTree = "<group>";
		};
		4E4834B71663C81C007EAAE5 /* Classes */ = {
			isa = PBXGroup;
			children = (
				4E4834E91663C8C8007EAAE5 /* Models */,
				4E4834E81663C8C3007EAAE5 /* Views */,
				4E4834C11663C865007EAAE5 /* BTRootViewController.h */,
				4E4834C21663C865007EAAE5 /* BTRootViewController.m */,
				4E4834C31663C865007EAAE5 /* BTConsoleViewController.h */,
				4E4834C41663C865007EAAE5 /* BTConsoleViewController.m */,
				4E4834C51663C865007EAAE5 /* BTBaseFeedController.h */,
				4E4834C61663C865007EAAE5 /* BTBaseFeedController.m */,
				4E4834C71663C865007EAAE5 /* BTGlobalFeedController1.h */,
				4E4834C81663C865007EAAE5 /* BTGlobalFeedController1.m */,
				4E4834C91663C865007EAAE5 /* BTGlobalFeedController2.h */,
				4E4834CA1663C865007EAAE5 /* BTGlobalFeedController2.m */,
				4E4834CB1663C865007EAAE5 /* BTGlobalFeedController2n.h */,
				4E4834CC1663C865007EAAE5 /* BTGlobalFeedController2n.m */,
				4E4834CD1663C865007EAAE5 /* BTGlobalFeedController3.h */,
				4E4834CE1663C865007EAAE5 /* BTGlobalFeedController3.m */,
				4E4834CF1663C865007EAAE5 /* BTDetailViewController.h */,
				4E4834D01663C865007EAAE5 /* BTDetailViewController.m */,
				4E4834D11663C865007EAAE5 /* UITableViewController-Console.h */,
				4E4834D21663C865007EAAE5 /* UITableViewController-Console.m */,
			);
			name = Classes;
			sourceTree = "<group>";
		};
		4E4834E81663C8C3007EAAE5 /* Views */ = {
			isa = PBXGroup;
			children = (
				4E4834B81663C84F007EAAE5 /* PostTableViewCell.h */,
				4E4834B91663C84F007EAAE5 /* PostTableViewCell.m */,
			);
			name = Views;
			sourceTree = "<group>";
		};
		4E4834E91663C8C8007EAAE5 /* Models */ = {
			isa = PBXGroup;
			children = (
				4E4834BB1663C85B007EAAE5 /* Post.h */,
				4E4834BC1663C85B007EAAE5 /* Post.m */,
				4E4834BD1663C85B007EAAE5 /* User.h */,
				4E4834BE1663C85B007EAAE5 /* User.m */,
			);
			name = Models;
			sourceTree = "<group>";
		};
/* End PBXGroup section */

/* Begin PBXNativeTarget section */
		3FAFD3E115122491007C36C8 /* 320NetworkDemo */ = {
			isa = PBXNativeTarget;
			buildConfigurationList = 3FAFD40315122492007C36C8 /* Build configuration list for PBXNativeTarget "320NetworkDemo" */;
			buildPhases = (
				3FAFD3DE15122491007C36C8 /* Sources */,
				3FAFD3DF15122491007C36C8 /* Frameworks */,
				3FAFD3E015122491007C36C8 /* Resources */,
			);
			buildRules = (
			);
			dependencies = (
			);
			name = 320NetworkDemo;
			productName = 320NetworkDemo;
			productReference = 3FAFD3E215122491007C36C8 /* 320NetworkDemo.app */;
			productType = "com.apple.product-type.application";
		};
/* End PBXNativeTarget section */

/* Begin PBXProject section */
		3FAFD3D915122491007C36C8 /* Project object */ = {
			isa = PBXProject;
			attributes = {
				LastUpgradeCheck = 0430;
			};
			buildConfigurationList = 3FAFD3DC15122491007C36C8 /* Build configuration list for PBXProject "320NetworkDemo" */;
			compatibilityVersion = "Xcode 3.2";
			developmentRegion = English;
			hasScannedForEncodings = 0;
			knownRegions = (
				en,
			);
			mainGroup = 3FAFD3D715122491007C36C8;
			productRefGroup = 3FAFD3E315122491007C36C8 /* Products */;
			projectDirPath = "";
			projectRoot = "";
			targets = (
				3FAFD3E115122491007C36C8 /* 320NetworkDemo */,
			);
		};
/* End PBXProject section */

/* Begin PBXResourcesBuildPhase section */
		3FAFD3E015122491007C36C8 /* Resources */ = {
			isa = PBXResourcesBuildPhase;
			buildActionMask = 2147483647;
			files = (
				3FAFD3F115122491007C36C8 /* InfoPlist.strings in Resources */,
				3F8EF9DC15162D8400D6195A /* defaultImage.png in Resources */,
				4E4834E01663C874007EAAE5 /* global3.json in Resources */,
				4E4834E11663C874007EAAE5 /* global2.json in Resources */,
				4E4834E21663C874007EAAE5 /* global1.json in Resources */,
				4E4834E31663C874007EAAE5 /* global0.json in Resources */,
				4E4834E61663C8B7007EAAE5 /* profile-image-placeholder.png in Resources */,
				4E4834E71663C8B7007EAAE5 /* profile-image-placeholder@2x.png in Resources */,
			);
			runOnlyForDeploymentPostprocessing = 0;
		};
/* End PBXResourcesBuildPhase section */

/* Begin PBXSourcesBuildPhase section */
		3FAFD3DE15122491007C36C8 /* Sources */ = {
			isa = PBXSourcesBuildPhase;
			buildActionMask = 2147483647;
			files = (
				3FAFD3F315122491007C36C8 /* main.m in Sources */,
				3FAFD3F715122491007C36C8 /* AppDelegate.m in Sources */,
				4E4834A51663C7E4007EAAE5 /* NSDataAdditions.m in Sources */,
				4E4834A61663C7E4007EAAE5 /* NSObjectAdditions.m in Sources */,
				4E4834A71663C7E4007EAAE5 /* NSStringAdditions.m in Sources */,
				4E4834A81663C7E4007EAAE5 /* TTRequestLoader-Debug.m in Sources */,
				4E4834A91663C7E4007EAAE5 /* TTURLRequestQueue-Debug.m in Sources */,
				4E4834AA1663C7E4007EAAE5 /* TTDebug.m in Sources */,
				4E4834AB1663C7E4007EAAE5 /* TTErrorCodes.m in Sources */,
				4E4834AC1663C7E4007EAAE5 /* TTGlobalCore.m in Sources */,
				4E4834AD1663C7E4007EAAE5 /* TTGlobalCorePaths.m in Sources */,
				4E4834AE1663C7E4007EAAE5 /* TTURLCache.m in Sources */,
				4E4834AF1663C7E4007EAAE5 /* Only320Network.m in Sources */,
				4E4834B01663C7E4007EAAE5 /* TTNetImageView.m in Sources */,
				4E4834B11663C7E4007EAAE5 /* TTRequestLoader.m in Sources */,
				4E4834B21663C7E4007EAAE5 /* TTURLDataResponse.m in Sources */,
				4E4834B31663C7E4007EAAE5 /* TTURLImageResponse.m in Sources */,
				4E4834B41663C7E4007EAAE5 /* TTURLRequest.m in Sources */,
				4E4834B51663C7E4007EAAE5 /* TTURLRequestQueue.m in Sources */,
				4E4834B61663C7E4007EAAE5 /* TTUserInfo.m in Sources */,
				4E4834BA1663C84F007EAAE5 /* PostTableViewCell.m in Sources */,
				4E4834BF1663C85B007EAAE5 /* Post.m in Sources */,
				4E4834C01663C85B007EAAE5 /* User.m in Sources */,
				4E4834D31663C865007EAAE5 /* BTRootViewController.m in Sources */,
				4E4834D41663C865007EAAE5 /* BTConsoleViewController.m in Sources */,
				4E4834D51663C865007EAAE5 /* BTBaseFeedController.m in Sources */,
				4E4834D61663C865007EAAE5 /* BTGlobalFeedController1.m in Sources */,
				4E4834D71663C865007EAAE5 /* BTGlobalFeedController2.m in Sources */,
				4E4834D81663C865007EAAE5 /* BTGlobalFeedController2n.m in Sources */,
				4E4834D91663C865007EAAE5 /* BTGlobalFeedController3.m in Sources */,
				4E4834DA1663C865007EAAE5 /* BTDetailViewController.m in Sources */,
				4E4834DB1663C865007EAAE5 /* UITableViewController-Console.m in Sources */,
			);
			runOnlyForDeploymentPostprocessing = 0;
		};
/* End PBXSourcesBuildPhase section */

/* Begin PBXVariantGroup section */
		3FAFD3EF15122491007C36C8 /* InfoPlist.strings */ = {
			isa = PBXVariantGroup;
			children = (
				3FAFD3F015122491007C36C8 /* en */,
			);
			name = InfoPlist.strings;
			sourceTree = "<group>";
		};
/* End PBXVariantGroup section */

/* Begin XCBuildConfiguration section */
		3FAFD40115122492007C36C8 /* Debug */ = {
			isa = XCBuildConfiguration;
			buildSettings = {
				ALWAYS_SEARCH_USER_PATHS = NO;
				ARCHS = "$(ARCHS_STANDARD_32_BIT)";
				"CODE_SIGN_IDENTITY[sdk=iphoneos*]" = "iPhone Developer";
				COPY_PHASE_STRIP = NO;
				GCC_C_LANGUAGE_STANDARD = gnu99;
				GCC_DYNAMIC_NO_PIC = NO;
				GCC_OPTIMIZATION_LEVEL = 0;
				GCC_PREPROCESSOR_DEFINITIONS = (
					"DEBUG=1",
					"$(inherited)",
				);
				GCC_SYMBOLS_PRIVATE_EXTERN = NO;
				GCC_VERSION = com.apple.compilers.llvm.clang.1_0;
				GCC_WARN_ABOUT_RETURN_TYPE = YES;
				GCC_WARN_UNINITIALIZED_AUTOS = YES;
				GCC_WARN_UNUSED_VARIABLE = YES;
				IPHONEOS_DEPLOYMENT_TARGET = 5.0;
				SDKROOT = iphoneos;
				TARGETED_DEVICE_FAMILY = "1,2";
			};
			name = Debug;
		};
		3FAFD40215122492007C36C8 /* Release */ = {
			isa = XCBuildConfiguration;
			buildSettings = {
				ALWAYS_SEARCH_USER_PATHS = NO;
				ARCHS = "$(ARCHS_STANDARD_32_BIT)";
				"CODE_SIGN_IDENTITY[sdk=iphoneos*]" = "iPhone Developer";
				COPY_PHASE_STRIP = YES;
				GCC_C_LANGUAGE_STANDARD = gnu99;
				GCC_VERSION = com.apple.compilers.llvm.clang.1_0;
				GCC_WARN_ABOUT_RETURN_TYPE = YES;
				GCC_WARN_UNINITIALIZED_AUTOS = YES;
				GCC_WARN_UNUSED_VARIABLE = YES;
				IPHONEOS_DEPLOYMENT_TARGET = 5.0;
				OTHER_CFLAGS = "-DNS_BLOCK_ASSERTIONS=1";
				SDKROOT = iphoneos;
				TARGETED_DEVICE_FAMILY = "1,2";
				VALIDATE_PRODUCT = YES;
			};
			name = Release;
		};
		3FAFD40415122492007C36C8 /* Debug */ = {
			isa = XCBuildConfiguration;
			buildSettings = {
				GCC_PRECOMPILE_PREFIX_HEADER = YES;
				GCC_PREFIX_HEADER = "320NetworkDemo/320NetworkDemo-Prefix.pch";
				INFOPLIST_FILE = "320NetworkDemo/320NetworkDemo-Info.plist";
				PRODUCT_NAME = "$(TARGET_NAME)";
				WRAPPER_EXTENSION = app;
			};
			name = Debug;
		};
		3FAFD40515122492007C36C8 /* Release */ = {
			isa = XCBuildConfiguration;
			buildSettings = {
				GCC_PRECOMPILE_PREFIX_HEADER = YES;
				GCC_PREFIX_HEADER = "320NetworkDemo/320NetworkDemo-Prefix.pch";
				INFOPLIST_FILE = "320NetworkDemo/320NetworkDemo-Info.plist";
				PRODUCT_NAME = "$(TARGET_NAME)";
				WRAPPER_EXTENSION = app;
			};
			name = Release;
		};
/* End XCBuildConfiguration section */

/* Begin XCConfigurationList section */
		3FAFD3DC15122491007C36C8 /* Build configuration list for PBXProject "320NetworkDemo" */ = {
			isa = XCConfigurationList;
			buildConfigurations = (
				3FAFD40115122492007C36C8 /* Debug */,
				3FAFD40215122492007C36C8 /* Release */,
			);
			defaultConfigurationIsVisible = 0;
			defaultConfigurationName = Release;
		};
		3FAFD40315122492007C36C8 /* Build configuration list for PBXNativeTarget "320NetworkDemo" */ = {
			isa = XCConfigurationList;
			buildConfigurations = (
				3FAFD40415122492007C36C8 /* Debug */,
				3FAFD40515122492007C36C8 /* Release */,
			);
			defaultConfigurationIsVisible = 0;
			defaultConfigurationName = Release;
		};
/* End XCConfigurationList section */
	};
	rootObject = 3FAFD3D915122491007C36C8 /* Project object */;
}
